// !$*UTF8*$!
{
	archiveVersion = 1;
	classes = {
	};
	objectVersion = 46;
	objects = {

/* Begin PBXBuildFile section */
		1AC6FB1F180E996B004C840B /* libbox2d Mac.a in Frameworks */ = {isa = PBXBuildFile; fileRef = 1AC6FAFF180E9839004C840B /* libbox2d Mac.a */; };
		1AC6FB20180E996B004C840B /* libchipmunk Mac.a in Frameworks */ = {isa = PBXBuildFile; fileRef = 1AC6FAFD180E9839004C840B /* libchipmunk Mac.a */; };
		1AC6FB21180E996B004C840B /* libcocos2dx Mac.a in Frameworks */ = {isa = PBXBuildFile; fileRef = 1AC6FAF9180E9839004C840B /* libcocos2dx Mac.a */; };
		1AC6FB22180E996B004C840B /* libcocos2dx-extensions Mac.a in Frameworks */ = {isa = PBXBuildFile; fileRef = 1AC6FAFB180E9839004C840B /* libcocos2dx-extensions Mac.a */; };
		1AC6FB23180E996B004C840B /* libCocosDenshion Mac.a in Frameworks */ = {isa = PBXBuildFile; fileRef = 1AC6FB01180E9839004C840B /* libCocosDenshion Mac.a */; };
		1AC6FB2E180E99EB004C840B /* libbox2d iOS.a in Frameworks */ = {isa = PBXBuildFile; fileRef = 1AC6FB0D180E9839004C840B /* libbox2d iOS.a */; };
		1AC6FB2F180E99EB004C840B /* libchipmunk iOS.a in Frameworks */ = {isa = PBXBuildFile; fileRef = 1AC6FB0B180E9839004C840B /* libchipmunk iOS.a */; };
		1AC6FB30180E99EB004C840B /* libcocos2dx iOS.a in Frameworks */ = {isa = PBXBuildFile; fileRef = 1AC6FB07180E9839004C840B /* libcocos2dx iOS.a */; };
		1AC6FB31180E99EB004C840B /* libcocos2dx-extensions iOS.a in Frameworks */ = {isa = PBXBuildFile; fileRef = 1AC6FB09180E9839004C840B /* libcocos2dx-extensions iOS.a */; };
		1AC6FB32180E99EB004C840B /* libCocosDenshion iOS.a in Frameworks */ = {isa = PBXBuildFile; fileRef = 1AC6FB0F180E9839004C840B /* libCocosDenshion iOS.a */; };
		1D60589F0D05DD5A006BFB54 /* Foundation.framework in Frameworks */ = {isa = PBXBuildFile; fileRef = 1D30AB110D05D00D00671497 /* Foundation.framework */; };
		1DF5F4E00D08C38300B7A737 /* UIKit.framework in Frameworks */ = {isa = PBXBuildFile; fileRef = 1DF5F4DF0D08C38300B7A737 /* UIKit.framework */; };
		288765A50DF7441C002DB57D /* CoreGraphics.framework in Frameworks */ = {isa = PBXBuildFile; fileRef = 288765A40DF7441C002DB57D /* CoreGraphics.framework */; };
		2F0030E31D3680960049CE98 /* PersistenceButton.cpp in Sources */ = {isa = PBXBuildFile; fileRef = 2F0030DF1D3680960049CE98 /* PersistenceButton.cpp */; };
		2F0030E41D3680960049CE98 /* PersistenceManager.cpp in Sources */ = {isa = PBXBuildFile; fileRef = 2F0030E11D3680960049CE98 /* PersistenceManager.cpp */; };
		2F0030F91D37D2ED0049CE98 /* LinkingIdentifier.cpp in Sources */ = {isa = PBXBuildFile; fileRef = 2F0030F61D37D2ED0049CE98 /* LinkingIdentifier.cpp */; };
		2F0030FD1D392CB00049CE98 /* PanelEdit.cpp in Sources */ = {isa = PBXBuildFile; fileRef = 2F0030FB1D392CB00049CE98 /* PanelEdit.cpp */; };
		2F0D601C1D4CFB63004672BF /* BLANK.png in Resources */ = {isa = PBXBuildFile; fileRef = 2F0D600F1D4CFB63004672BF /* BLANK.png */; };
		2F0D60211D4CFB63004672BF /* BUTTON90_EMPTY.png in Resources */ = {isa = PBXBuildFile; fileRef = 2F0D60141D4CFB63004672BF /* BUTTON90_EMPTY.png */; };
		2F0D60221D4CFB63004672BF /* BUTTON90.png in Resources */ = {isa = PBXBuildFile; fileRef = 2F0D60151D4CFB63004672BF /* BUTTON90.png */; };
		2F0D60231D4CFB63004672BF /* BUTTON180.png in Resources */ = {isa = PBXBuildFile; fileRef = 2F0D60161D4CFB63004672BF /* BUTTON180.png */; };
		2F0D60241D4CFB63004672BF /* buttons in Resources */ = {isa = PBXBuildFile; fileRef = 2F0D60171D4CFB63004672BF /* buttons */; };
		2F0D60251D4CFB63004672BF /* font in Resources */ = {isa = PBXBuildFile; fileRef = 2F0D60181D4CFB63004672BF /* font */; };
		2F0D60261D4CFB63004672BF /* ResourcesCalculator in Resources */ = {isa = PBXBuildFile; fileRef = 2F0D60191D4CFB63004672BF /* ResourcesCalculator */; };
		2F0D60271D4CFB63004672BF /* textHolder.png in Resources */ = {isa = PBXBuildFile; fileRef = 2F0D601A1D4CFB63004672BF /* textHolder.png */; };
		2F0D60281D4CFB63004672BF /* textHolderWide.png in Resources */ = {isa = PBXBuildFile; fileRef = 2F0D601B1D4CFB63004672BF /* textHolderWide.png */; };
		2F1FDD831D48FE1D00A358D6 /* ButtonCompute.cpp in Sources */ = {isa = PBXBuildFile; fileRef = 2F1FDD811D48FE1D00A358D6 /* ButtonCompute.cpp */; };
		2F211FD91D4F79530064BF03 /* Images.xcassets in Resources */ = {isa = PBXBuildFile; fileRef = 2F211FD81D4F79530064BF03 /* Images.xcassets */; };
		2F7007621D26D4D300A2E1D6 /* AppDelegate.cpp in Sources */ = {isa = PBXBuildFile; fileRef = 2F70070B1D26D4D300A2E1D6 /* AppDelegate.cpp */; };
		2F7007631D26D4D300A2E1D6 /* LayerUI.cpp in Sources */ = {isa = PBXBuildFile; fileRef = 2F70070D1D26D4D300A2E1D6 /* LayerUI.cpp */; };
		2F7007641D26D4D300A2E1D6 /* ModuleStorage.cpp in Sources */ = {isa = PBXBuildFile; fileRef = 2F70070F1D26D4D300A2E1D6 /* ModuleStorage.cpp */; };
		2F7007651D26D4D300A2E1D6 /* PanelButton.cpp in Sources */ = {isa = PBXBuildFile; fileRef = 2F7007111D26D4D300A2E1D6 /* PanelButton.cpp */; };
		2F7007661D26D4D300A2E1D6 /* PanelButtonRestore.cpp in Sources */ = {isa = PBXBuildFile; fileRef = 2F7007131D26D4D300A2E1D6 /* PanelButtonRestore.cpp */; };
		2F7007671D26D4D300A2E1D6 /* PanelButtonStore.cpp in Sources */ = {isa = PBXBuildFile; fileRef = 2F7007151D26D4D300A2E1D6 /* PanelButtonStore.cpp */; };
		2F7007681D26D4D300A2E1D6 /* PanelInput.cpp in Sources */ = {isa = PBXBuildFile; fileRef = 2F7007181D26D4D300A2E1D6 /* PanelInput.cpp */; };
		2F7007691D26D4D300A2E1D6 /* PanelInputOperand.cpp in Sources */ = {isa = PBXBuildFile; fileRef = 2F70071A1D26D4D300A2E1D6 /* PanelInputOperand.cpp */; };
		2F70076A1D26D4D300A2E1D6 /* PanelInputOperator.cpp in Sources */ = {isa = PBXBuildFile; fileRef = 2F70071C1D26D4D300A2E1D6 /* PanelInputOperator.cpp */; };
		2F70076C1D26D4D300A2E1D6 /* Equation.cpp in Sources */ = {isa = PBXBuildFile; fileRef = 2F7007221D26D4D300A2E1D6 /* Equation.cpp */; };
		2F70076D1D26D4D300A2E1D6 /* EquationBinary.cpp in Sources */ = {isa = PBXBuildFile; fileRef = 2F7007241D26D4D300A2E1D6 /* EquationBinary.cpp */; };
		2F70076E1D26D4D300A2E1D6 /* EquationBuilder.cpp in Sources */ = {isa = PBXBuildFile; fileRef = 2F7007261D26D4D300A2E1D6 /* EquationBuilder.cpp */; };
		2F70076F1D26D4D300A2E1D6 /* EquationUnary.cpp in Sources */ = {isa = PBXBuildFile; fileRef = 2F7007281D26D4D300A2E1D6 /* EquationUnary.cpp */; };
		2F7007701D26D4D300A2E1D6 /* LayerEquation.cpp in Sources */ = {isa = PBXBuildFile; fileRef = 2F70072A1D26D4D300A2E1D6 /* LayerEquation.cpp */; };
		2F7007711D26D4D300A2E1D6 /* LayerLinkage.cpp in Sources */ = {isa = PBXBuildFile; fileRef = 2F70072C1D26D4D300A2E1D6 /* LayerLinkage.cpp */; };
		2F7007721D26D4D300A2E1D6 /* LayerUICal.cpp in Sources */ = {isa = PBXBuildFile; fileRef = 2F70072E1D26D4D300A2E1D6 /* LayerUICal.cpp */; };
		2F7007731D26D4D300A2E1D6 /* Linkage.cpp in Sources */ = {isa = PBXBuildFile; fileRef = 2F7007301D26D4D300A2E1D6 /* Linkage.cpp */; };
		2F7007741D26D4D300A2E1D6 /* LinkingManager.cpp in Sources */ = {isa = PBXBuildFile; fileRef = 2F7007321D26D4D300A2E1D6 /* LinkingManager.cpp */; };
		2F7007751D26D4D300A2E1D6 /* LinkingNode.cpp in Sources */ = {isa = PBXBuildFile; fileRef = 2F7007341D26D4D300A2E1D6 /* LinkingNode.cpp */; };
		2F7007761D26D4D300A2E1D6 /* LinkingNodeOperand.cpp in Sources */ = {isa = PBXBuildFile; fileRef = 2F7007361D26D4D300A2E1D6 /* LinkingNodeOperand.cpp */; };
		2F7007771D26D4D300A2E1D6 /* LinkingNodePair.cpp in Sources */ = {isa = PBXBuildFile; fileRef = 2F7007381D26D4D300A2E1D6 /* LinkingNodePair.cpp */; };
		2F7007781D26D4D300A2E1D6 /* LinkingNodeResult.cpp in Sources */ = {isa = PBXBuildFile; fileRef = 2F70073A1D26D4D300A2E1D6 /* LinkingNodeResult.cpp */; };
		2F7007791D26D4D300A2E1D6 /* SceneCalculator.cpp in Sources */ = {isa = PBXBuildFile; fileRef = 2F70073C1D26D4D300A2E1D6 /* SceneCalculator.cpp */; };
		2F70077A1D26D4D300A2E1D6 /* TextHolderWithLinking.cpp in Sources */ = {isa = PBXBuildFile; fileRef = 2F70073E1D26D4D300A2E1D6 /* TextHolderWithLinking.cpp */; };
		2F70077B1D26D4D300A2E1D6 /* TextOperandWithLinking.cpp in Sources */ = {isa = PBXBuildFile; fileRef = 2F7007401D26D4D300A2E1D6 /* TextOperandWithLinking.cpp */; };
		2F7007851D26D4D300A2E1D6 /* Text.cpp in Sources */ = {isa = PBXBuildFile; fileRef = 2F7007581D26D4D300A2E1D6 /* Text.cpp */; };
		2F7007861D26D4D300A2E1D6 /* TextHolder.cpp in Sources */ = {isa = PBXBuildFile; fileRef = 2F70075A1D26D4D300A2E1D6 /* TextHolder.cpp */; };
		2F7007871D26D4D300A2E1D6 /* TextOperand.cpp in Sources */ = {isa = PBXBuildFile; fileRef = 2F70075C1D26D4D300A2E1D6 /* TextOperand.cpp */; };
		2F7007881D26D4D300A2E1D6 /* TextOperator.cpp in Sources */ = {isa = PBXBuildFile; fileRef = 2F70075E1D26D4D300A2E1D6 /* TextOperator.cpp */; };
		2F7007891D26D4D300A2E1D6 /* TouchManager.cpp in Sources */ = {isa = PBXBuildFile; fileRef = 2F7007601D26D4D300A2E1D6 /* TouchManager.cpp */; };
		2F9C46671D2EA1E10001B9C4 /* LayerHelpCal.cpp in Sources */ = {isa = PBXBuildFile; fileRef = 2F9C46651D2EA1E10001B9C4 /* LayerHelpCal.cpp */; };
		2FC852771D32941000AA2516 /* LayerPersistenceCal.cpp in Sources */ = {isa = PBXBuildFile; fileRef = 2FC852751D32941000AA2516 /* LayerPersistenceCal.cpp */; };
		2FD4292E1D300D6600850536 /* LayerScroll.cpp in Sources */ = {isa = PBXBuildFile; fileRef = 2FD4292C1D300D6600850536 /* LayerScroll.cpp */; };
		503AE0F817EB97AB00D1A890 /* Icon.icns in Resources */ = {isa = PBXBuildFile; fileRef = 503AE0F617EB97AB00D1A890 /* Icon.icns */; };
		503AE10017EB989F00D1A890 /* AppController.mm in Sources */ = {isa = PBXBuildFile; fileRef = 503AE0FB17EB989F00D1A890 /* AppController.mm */; };
		503AE10117EB989F00D1A890 /* main.m in Sources */ = {isa = PBXBuildFile; fileRef = 503AE0FC17EB989F00D1A890 /* main.m */; };
		503AE10217EB989F00D1A890 /* RootViewController.mm in Sources */ = {isa = PBXBuildFile; fileRef = 503AE0FF17EB989F00D1A890 /* RootViewController.mm */; };
		503AE10517EB98FF00D1A890 /* main.cpp in Sources */ = {isa = PBXBuildFile; fileRef = 503AE10317EB98FF00D1A890 /* main.cpp */; };
		503AE11217EB99EE00D1A890 /* libcurl.dylib in Frameworks */ = {isa = PBXBuildFile; fileRef = 503AE11117EB99EE00D1A890 /* libcurl.dylib */; };
		503AE11B17EB9C5A00D1A890 /* IOKit.framework in Frameworks */ = {isa = PBXBuildFile; fileRef = 503AE11A17EB9C5A00D1A890 /* IOKit.framework */; };
		5087E76317EB910900C73F5D /* Foundation.framework in Frameworks */ = {isa = PBXBuildFile; fileRef = 1D30AB110D05D00D00671497 /* Foundation.framework */; };
		5087E76517EB910900C73F5D /* CoreGraphics.framework in Frameworks */ = {isa = PBXBuildFile; fileRef = 288765A40DF7441C002DB57D /* CoreGraphics.framework */; };
		5087E76717EB910900C73F5D /* libz.dylib in Frameworks */ = {isa = PBXBuildFile; fileRef = BF170DB412928DE900B8313A /* libz.dylib */; };
		5087E76817EB910900C73F5D /* QuartzCore.framework in Frameworks */ = {isa = PBXBuildFile; fileRef = BF1C47EA1293683800B63C5D /* QuartzCore.framework */; };
		5087E76917EB910900C73F5D /* OpenAL.framework in Frameworks */ = {isa = PBXBuildFile; fileRef = D44C620B132DFF330009C878 /* OpenAL.framework */; };
		5087E76A17EB910900C73F5D /* AVFoundation.framework in Frameworks */ = {isa = PBXBuildFile; fileRef = D44C620D132DFF430009C878 /* AVFoundation.framework */; };
		5087E76B17EB910900C73F5D /* AudioToolbox.framework in Frameworks */ = {isa = PBXBuildFile; fileRef = D44C620F132DFF4E0009C878 /* AudioToolbox.framework */; };
		5087E77D17EB970100C73F5D /* Default-568h@2x.png in Resources */ = {isa = PBXBuildFile; fileRef = 5087E77217EB970100C73F5D /* Default-568h@2x.png */; };
		5087E77E17EB970100C73F5D /* Default.png in Resources */ = {isa = PBXBuildFile; fileRef = 5087E77317EB970100C73F5D /* Default.png */; };
		5087E77F17EB970100C73F5D /* Default@2x.png in Resources */ = {isa = PBXBuildFile; fileRef = 5087E77417EB970100C73F5D /* Default@2x.png */; };
		5087E78017EB970100C73F5D /* Icon-114.png in Resources */ = {isa = PBXBuildFile; fileRef = 5087E77517EB970100C73F5D /* Icon-114.png */; };
		5087E78117EB970100C73F5D /* Icon-120.png in Resources */ = {isa = PBXBuildFile; fileRef = 5087E77617EB970100C73F5D /* Icon-120.png */; };
		5087E78217EB970100C73F5D /* Icon-144.png in Resources */ = {isa = PBXBuildFile; fileRef = 5087E77717EB970100C73F5D /* Icon-144.png */; };
		5087E78317EB970100C73F5D /* Icon-152.png in Resources */ = {isa = PBXBuildFile; fileRef = 5087E77817EB970100C73F5D /* Icon-152.png */; };
		5087E78417EB970100C73F5D /* Icon-57.png in Resources */ = {isa = PBXBuildFile; fileRef = 5087E77917EB970100C73F5D /* Icon-57.png */; };
		5087E78517EB970100C73F5D /* Icon-72.png in Resources */ = {isa = PBXBuildFile; fileRef = 5087E77A17EB970100C73F5D /* Icon-72.png */; };
		5087E78617EB970100C73F5D /* Icon-76.png in Resources */ = {isa = PBXBuildFile; fileRef = 5087E77B17EB970100C73F5D /* Icon-76.png */; };
		5087E78917EB974C00C73F5D /* AppKit.framework in Frameworks */ = {isa = PBXBuildFile; fileRef = 5087E78817EB974C00C73F5D /* AppKit.framework */; };
		5087E78B17EB975400C73F5D /* OpenGL.framework in Frameworks */ = {isa = PBXBuildFile; fileRef = 5087E78A17EB975400C73F5D /* OpenGL.framework */; };
		50EF629617ECD46A001EB2F8 /* Icon-40.png in Resources */ = {isa = PBXBuildFile; fileRef = 50EF629217ECD46A001EB2F8 /* Icon-40.png */; };
		50EF629717ECD46A001EB2F8 /* Icon-58.png in Resources */ = {isa = PBXBuildFile; fileRef = 50EF629317ECD46A001EB2F8 /* Icon-58.png */; };
		50EF629817ECD46A001EB2F8 /* Icon-80.png in Resources */ = {isa = PBXBuildFile; fileRef = 50EF629417ECD46A001EB2F8 /* Icon-80.png */; };
		50EF629917ECD46A001EB2F8 /* Icon-100.png in Resources */ = {isa = PBXBuildFile; fileRef = 50EF629517ECD46A001EB2F8 /* Icon-100.png */; };
		50EF62A217ECD613001EB2F8 /* Icon-29.png in Resources */ = {isa = PBXBuildFile; fileRef = 50EF62A017ECD613001EB2F8 /* Icon-29.png */; };
		50EF62A317ECD613001EB2F8 /* Icon-50.png in Resources */ = {isa = PBXBuildFile; fileRef = 50EF62A117ECD613001EB2F8 /* Icon-50.png */; };
		BF171245129291EC00B8313A /* OpenGLES.framework in Frameworks */ = {isa = PBXBuildFile; fileRef = BF170DB012928DE900B8313A /* OpenGLES.framework */; };
		BF1712471292920000B8313A /* libz.dylib in Frameworks */ = {isa = PBXBuildFile; fileRef = BF170DB412928DE900B8313A /* libz.dylib */; };
		BF1C47F01293687400B63C5D /* QuartzCore.framework in Frameworks */ = {isa = PBXBuildFile; fileRef = BF1C47EA1293683800B63C5D /* QuartzCore.framework */; };
		D44C620C132DFF330009C878 /* OpenAL.framework in Frameworks */ = {isa = PBXBuildFile; fileRef = D44C620B132DFF330009C878 /* OpenAL.framework */; };
		D44C620E132DFF430009C878 /* AVFoundation.framework in Frameworks */ = {isa = PBXBuildFile; fileRef = D44C620D132DFF430009C878 /* AVFoundation.framework */; };
		D44C6210132DFF4E0009C878 /* AudioToolbox.framework in Frameworks */ = {isa = PBXBuildFile; fileRef = D44C620F132DFF4E0009C878 /* AudioToolbox.framework */; };
		D6B0611B1803AB670077942B /* CoreMotion.framework in Frameworks */ = {isa = PBXBuildFile; fileRef = D6B0611A1803AB670077942B /* CoreMotion.framework */; };
/* End PBXBuildFile section */

/* Begin PBXContainerItemProxy section */
		1AC6FAF8180E9839004C840B /* PBXContainerItemProxy */ = {
			isa = PBXContainerItemProxy;
			containerPortal = 1AC6FAE5180E9839004C840B /* cocos2d_libs.xcodeproj */;
			proxyType = 2;
			remoteGlobalIDString = 1551A33F158F2AB200E66CFE;
			remoteInfo = "cocos2dx Mac";
		};
		1AC6FAFA180E9839004C840B /* PBXContainerItemProxy */ = {
			isa = PBXContainerItemProxy;
			containerPortal = 1AC6FAE5180E9839004C840B /* cocos2d_libs.xcodeproj */;
			proxyType = 2;
			remoteGlobalIDString = A03F2FD617814595006731B9;
			remoteInfo = "cocos2dx-extensions Mac";
		};
		1AC6FAFC180E9839004C840B /* PBXContainerItemProxy */ = {
			isa = PBXContainerItemProxy;
			containerPortal = 1AC6FAE5180E9839004C840B /* cocos2d_libs.xcodeproj */;
			proxyType = 2;
			remoteGlobalIDString = A03F2CB81780BD04006731B9;
			remoteInfo = "chipmunk Mac";
		};
		1AC6FAFE180E9839004C840B /* PBXContainerItemProxy */ = {
			isa = PBXContainerItemProxy;
			containerPortal = 1AC6FAE5180E9839004C840B /* cocos2d_libs.xcodeproj */;
			proxyType = 2;
			remoteGlobalIDString = A03F2D9B1780BDF7006731B9;
			remoteInfo = "box2d Mac";
		};
		1AC6FB00180E9839004C840B /* PBXContainerItemProxy */ = {
			isa = PBXContainerItemProxy;
			containerPortal = 1AC6FAE5180E9839004C840B /* cocos2d_libs.xcodeproj */;
			proxyType = 2;
			remoteGlobalIDString = A03F2ED617814268006731B9;
			remoteInfo = "CocosDenshion Mac";
		};
		1AC6FB06180E9839004C840B /* PBXContainerItemProxy */ = {
			isa = PBXContainerItemProxy;
			containerPortal = 1AC6FAE5180E9839004C840B /* cocos2d_libs.xcodeproj */;
			proxyType = 2;
			remoteGlobalIDString = A07A4D641783777C0073F6A7;
			remoteInfo = "cocos2dx iOS";
		};
		1AC6FB08180E9839004C840B /* PBXContainerItemProxy */ = {
			isa = PBXContainerItemProxy;
			containerPortal = 1AC6FAE5180E9839004C840B /* cocos2d_libs.xcodeproj */;
			proxyType = 2;
			remoteGlobalIDString = A07A4EFC1783867C0073F6A7;
			remoteInfo = "cocos2dx-extensions iOS";
		};
		1AC6FB0A180E9839004C840B /* PBXContainerItemProxy */ = {
			isa = PBXContainerItemProxy;
			containerPortal = 1AC6FAE5180E9839004C840B /* cocos2d_libs.xcodeproj */;
			proxyType = 2;
			remoteGlobalIDString = A07A4F3B178387670073F6A7;
			remoteInfo = "chipmunk iOS";
		};
		1AC6FB0C180E9839004C840B /* PBXContainerItemProxy */ = {
			isa = PBXContainerItemProxy;
			containerPortal = 1AC6FAE5180E9839004C840B /* cocos2d_libs.xcodeproj */;
			proxyType = 2;
			remoteGlobalIDString = A07A4F9E1783876B0073F6A7;
			remoteInfo = "box2d iOS";
		};
		1AC6FB0E180E9839004C840B /* PBXContainerItemProxy */ = {
			isa = PBXContainerItemProxy;
			containerPortal = 1AC6FAE5180E9839004C840B /* cocos2d_libs.xcodeproj */;
			proxyType = 2;
			remoteGlobalIDString = A07A4FB4178387730073F6A7;
			remoteInfo = "CocosDenshion iOS";
		};
		1AC6FB15180E9959004C840B /* PBXContainerItemProxy */ = {
			isa = PBXContainerItemProxy;
			containerPortal = 1AC6FAE5180E9839004C840B /* cocos2d_libs.xcodeproj */;
			proxyType = 1;
			remoteGlobalIDString = 1551A33E158F2AB200E66CFE;
			remoteInfo = "cocos2dx Mac";
		};
		1AC6FB17180E9959004C840B /* PBXContainerItemProxy */ = {
			isa = PBXContainerItemProxy;
			containerPortal = 1AC6FAE5180E9839004C840B /* cocos2d_libs.xcodeproj */;
			proxyType = 1;
			remoteGlobalIDString = A03F2FC117814595006731B9;
			remoteInfo = "cocos2dx-extensions Mac";
		};
		1AC6FB19180E9959004C840B /* PBXContainerItemProxy */ = {
			isa = PBXContainerItemProxy;
			containerPortal = 1AC6FAE5180E9839004C840B /* cocos2d_libs.xcodeproj */;
			proxyType = 1;
			remoteGlobalIDString = A03F2B781780BD04006731B9;
			remoteInfo = "chipmunk Mac";
		};
		1AC6FB1B180E9959004C840B /* PBXContainerItemProxy */ = {
			isa = PBXContainerItemProxy;
			containerPortal = 1AC6FAE5180E9839004C840B /* cocos2d_libs.xcodeproj */;
			proxyType = 1;
			remoteGlobalIDString = A03F2E9817814268006731B9;
			remoteInfo = "CocosDenshion Mac";
		};
		1AC6FB1D180E9963004C840B /* PBXContainerItemProxy */ = {
			isa = PBXContainerItemProxy;
			containerPortal = 1AC6FAE5180E9839004C840B /* cocos2d_libs.xcodeproj */;
			proxyType = 1;
			remoteGlobalIDString = A03F2D5D1780BDF7006731B9;
			remoteInfo = "box2d Mac";
		};
		1AC6FB24180E99E1004C840B /* PBXContainerItemProxy */ = {
			isa = PBXContainerItemProxy;
			containerPortal = 1AC6FAE5180E9839004C840B /* cocos2d_libs.xcodeproj */;
			proxyType = 1;
			remoteGlobalIDString = A07A4C241783777C0073F6A7;
			remoteInfo = "cocos2dx iOS";
		};
		1AC6FB26180E99E1004C840B /* PBXContainerItemProxy */ = {
			isa = PBXContainerItemProxy;
			containerPortal = 1AC6FAE5180E9839004C840B /* cocos2d_libs.xcodeproj */;
			proxyType = 1;
			remoteGlobalIDString = A07A4E111783867C0073F6A7;
			remoteInfo = "cocos2dx-extensions iOS";
		};
		1AC6FB28180E99E1004C840B /* PBXContainerItemProxy */ = {
			isa = PBXContainerItemProxy;
			containerPortal = 1AC6FAE5180E9839004C840B /* cocos2d_libs.xcodeproj */;
			proxyType = 1;
			remoteGlobalIDString = A07A4EFD178387670073F6A7;
			remoteInfo = "chipmunk iOS";
		};
		1AC6FB2A180E99E1004C840B /* PBXContainerItemProxy */ = {
			isa = PBXContainerItemProxy;
			containerPortal = 1AC6FAE5180E9839004C840B /* cocos2d_libs.xcodeproj */;
			proxyType = 1;
			remoteGlobalIDString = A07A4F3C1783876B0073F6A7;
			remoteInfo = "box2d iOS";
		};
		1AC6FB2C180E99E1004C840B /* PBXContainerItemProxy */ = {
			isa = PBXContainerItemProxy;
			containerPortal = 1AC6FAE5180E9839004C840B /* cocos2d_libs.xcodeproj */;
			proxyType = 1;
			remoteGlobalIDString = A07A4F9F178387730073F6A7;
			remoteInfo = "CocosDenshion iOS";
		};
/* End PBXContainerItemProxy section */

/* Begin PBXFileReference section */
		1AC6FAE5180E9839004C840B /* cocos2d_libs.xcodeproj */ = {isa = PBXFileReference; lastKnownFileType = "wrapper.pb-project"; name = cocos2d_libs.xcodeproj; path = ../cocos2d/build/cocos2d_libs.xcodeproj; sourceTree = "<group>"; };
		1ACB3243164770DE00914215 /* libcurl.a */ = {isa = PBXFileReference; lastKnownFileType = archive.ar; name = libcurl.a; path = ../../cocos2dx/platform/third_party/ios/libraries/libcurl.a; sourceTree = "<group>"; };
		1D30AB110D05D00D00671497 /* Foundation.framework */ = {isa = PBXFileReference; lastKnownFileType = wrapper.framework; name = Foundation.framework; path = System/Library/Frameworks/Foundation.framework; sourceTree = SDKROOT; };
		1D6058910D05DD3D006BFB54 /* CalcuSeq.app */ = {isa = PBXFileReference; explicitFileType = wrapper.application; includeInIndex = 0; path = CalcuSeq.app; sourceTree = BUILT_PRODUCTS_DIR; };
		1DF5F4DF0D08C38300B7A737 /* UIKit.framework */ = {isa = PBXFileReference; lastKnownFileType = wrapper.framework; name = UIKit.framework; path = System/Library/Frameworks/UIKit.framework; sourceTree = SDKROOT; };
		288765A40DF7441C002DB57D /* CoreGraphics.framework */ = {isa = PBXFileReference; lastKnownFileType = wrapper.framework; name = CoreGraphics.framework; path = System/Library/Frameworks/CoreGraphics.framework; sourceTree = SDKROOT; };
		2F0030DF1D3680960049CE98 /* PersistenceButton.cpp */ = {isa = PBXFileReference; fileEncoding = 4; lastKnownFileType = sourcecode.cpp.cpp; path = PersistenceButton.cpp; sourceTree = "<group>"; };
		2F0030E01D3680960049CE98 /* PersistenceButton.h */ = {isa = PBXFileReference; fileEncoding = 4; lastKnownFileType = sourcecode.c.h; path = PersistenceButton.h; sourceTree = "<group>"; };
		2F0030E11D3680960049CE98 /* PersistenceManager.cpp */ = {isa = PBXFileReference; fileEncoding = 4; lastKnownFileType = sourcecode.cpp.cpp; path = PersistenceManager.cpp; sourceTree = "<group>"; };
		2F0030E21D3680960049CE98 /* PersistenceManager.h */ = {isa = PBXFileReference; fileEncoding = 4; lastKnownFileType = sourcecode.c.h; path = PersistenceManager.h; sourceTree = "<group>"; };
		2F0030F61D37D2ED0049CE98 /* LinkingIdentifier.cpp */ = {isa = PBXFileReference; fileEncoding = 4; lastKnownFileType = sourcecode.cpp.cpp; path = LinkingIdentifier.cpp; sourceTree = "<group>"; };
		2F0030F71D37D2ED0049CE98 /* LinkingIdentifier.h */ = {isa = PBXFileReference; fileEncoding = 4; lastKnownFileType = sourcecode.c.h; path = LinkingIdentifier.h; sourceTree = "<group>"; };
		2F0030F81D37D2ED0049CE98 /* VersionConfigCal.h */ = {isa = PBXFileReference; fileEncoding = 4; lastKnownFileType = sourcecode.c.h; path = VersionConfigCal.h; sourceTree = "<group>"; };
		2F0030FB1D392CB00049CE98 /* PanelEdit.cpp */ = {isa = PBXFileReference; fileEncoding = 4; lastKnownFileType = sourcecode.cpp.cpp; path = PanelEdit.cpp; sourceTree = "<group>"; };
		2F0030FC1D392CB00049CE98 /* PanelEdit.h */ = {isa = PBXFileReference; fileEncoding = 4; lastKnownFileType = sourcecode.c.h; path = PanelEdit.h; sourceTree = "<group>"; };
		2F0D600F1D4CFB63004672BF /* BLANK.png */ = {isa = PBXFileReference; lastKnownFileType = image.png; path = BLANK.png; sourceTree = "<group>"; };
		2F0D60141D4CFB63004672BF /* BUTTON90_EMPTY.png */ = {isa = PBXFileReference; lastKnownFileType = image.png; path = BUTTON90_EMPTY.png; sourceTree = "<group>"; };
		2F0D60151D4CFB63004672BF /* BUTTON90.png */ = {isa = PBXFileReference; lastKnownFileType = image.png; path = BUTTON90.png; sourceTree = "<group>"; };
		2F0D60161D4CFB63004672BF /* BUTTON180.png */ = {isa = PBXFileReference; lastKnownFileType = image.png; path = BUTTON180.png; sourceTree = "<group>"; };
		2F0D60171D4CFB63004672BF /* buttons */ = {isa = PBXFileReference; lastKnownFileType = folder; path = buttons; sourceTree = "<group>"; };
		2F0D60181D4CFB63004672BF /* font */ = {isa = PBXFileReference; lastKnownFileType = folder; path = font; sourceTree = "<group>"; };
		2F0D60191D4CFB63004672BF /* ResourcesCalculator */ = {isa = PBXFileReference; lastKnownFileType = folder; path = ResourcesCalculator; sourceTree = "<group>"; };
		2F0D601A1D4CFB63004672BF /* textHolder.png */ = {isa = PBXFileReference; lastKnownFileType = image.png; path = textHolder.png; sourceTree = "<group>"; };
		2F0D601B1D4CFB63004672BF /* textHolderWide.png */ = {isa = PBXFileReference; lastKnownFileType = image.png; path = textHolderWide.png; sourceTree = "<group>"; };
		2F1FDD811D48FE1D00A358D6 /* ButtonCompute.cpp */ = {isa = PBXFileReference; fileEncoding = 4; lastKnownFileType = sourcecode.cpp.cpp; path = ButtonCompute.cpp; sourceTree = "<group>"; };
		2F1FDD821D48FE1D00A358D6 /* ButtonCompute.h */ = {isa = PBXFileReference; fileEncoding = 4; lastKnownFileType = sourcecode.c.h; path = ButtonCompute.h; sourceTree = "<group>"; };
		2F211FD81D4F79530064BF03 /* Images.xcassets */ = {isa = PBXFileReference; lastKnownFileType = folder.assetcatalog; name = Images.xcassets; path = "CalcuSeq iOS/Images.xcassets"; sourceTree = SOURCE_ROOT; };
		2F70070B1D26D4D300A2E1D6 /* AppDelegate.cpp */ = {isa = PBXFileReference; fileEncoding = 4; lastKnownFileType = sourcecode.cpp.cpp; name = AppDelegate.cpp; path = ../Classes/AppDelegate.cpp; sourceTree = "<group>"; };
		2F70070C1D26D4D300A2E1D6 /* AppDelegate.h */ = {isa = PBXFileReference; fileEncoding = 4; lastKnownFileType = sourcecode.c.h; name = AppDelegate.h; path = ../Classes/AppDelegate.h; sourceTree = "<group>"; };
		2F70070D1D26D4D300A2E1D6 /* LayerUI.cpp */ = {isa = PBXFileReference; fileEncoding = 4; lastKnownFileType = sourcecode.cpp.cpp; name = LayerUI.cpp; path = ../Classes/LayerUI.cpp; sourceTree = "<group>"; };
		2F70070E1D26D4D300A2E1D6 /* LayerUI.h */ = {isa = PBXFileReference; fileEncoding = 4; lastKnownFileType = sourcecode.c.h; name = LayerUI.h; path = ../Classes/LayerUI.h; sourceTree = "<group>"; };
		2F70070F1D26D4D300A2E1D6 /* ModuleStorage.cpp */ = {isa = PBXFileReference; fileEncoding = 4; lastKnownFileType = sourcecode.cpp.cpp; name = ModuleStorage.cpp; path = ../Classes/ModuleStorage.cpp; sourceTree = "<group>"; };
		2F7007101D26D4D300A2E1D6 /* ModuleStorage.h */ = {isa = PBXFileReference; fileEncoding = 4; lastKnownFileType = sourcecode.c.h; name = ModuleStorage.h; path = ../Classes/ModuleStorage.h; sourceTree = "<group>"; };
		2F7007111D26D4D300A2E1D6 /* PanelButton.cpp */ = {isa = PBXFileReference; fileEncoding = 4; lastKnownFileType = sourcecode.cpp.cpp; name = PanelButton.cpp; path = ../Classes/PanelButton.cpp; sourceTree = "<group>"; };
		2F7007121D26D4D300A2E1D6 /* PanelButton.h */ = {isa = PBXFileReference; fileEncoding = 4; lastKnownFileType = sourcecode.c.h; name = PanelButton.h; path = ../Classes/PanelButton.h; sourceTree = "<group>"; };
		2F7007131D26D4D300A2E1D6 /* PanelButtonRestore.cpp */ = {isa = PBXFileReference; fileEncoding = 4; lastKnownFileType = sourcecode.cpp.cpp; name = PanelButtonRestore.cpp; path = ../Classes/PanelButtonRestore.cpp; sourceTree = "<group>"; };
		2F7007141D26D4D300A2E1D6 /* PanelButtonRestore.h */ = {isa = PBXFileReference; fileEncoding = 4; lastKnownFileType = sourcecode.c.h; name = PanelButtonRestore.h; path = ../Classes/PanelButtonRestore.h; sourceTree = "<group>"; };
		2F7007151D26D4D300A2E1D6 /* PanelButtonStore.cpp */ = {isa = PBXFileReference; fileEncoding = 4; lastKnownFileType = sourcecode.cpp.cpp; name = PanelButtonStore.cpp; path = ../Classes/PanelButtonStore.cpp; sourceTree = "<group>"; };
		2F7007161D26D4D300A2E1D6 /* PanelButtonStore.h */ = {isa = PBXFileReference; fileEncoding = 4; lastKnownFileType = sourcecode.c.h; name = PanelButtonStore.h; path = ../Classes/PanelButtonStore.h; sourceTree = "<group>"; };
		2F7007171D26D4D300A2E1D6 /* PanelButtonType.h */ = {isa = PBXFileReference; fileEncoding = 4; lastKnownFileType = sourcecode.c.h; name = PanelButtonType.h; path = ../Classes/PanelButtonType.h; sourceTree = "<group>"; };
		2F7007181D26D4D300A2E1D6 /* PanelInput.cpp */ = {isa = PBXFileReference; fileEncoding = 4; lastKnownFileType = sourcecode.cpp.cpp; name = PanelInput.cpp; path = ../Classes/PanelInput.cpp; sourceTree = "<group>"; };
		2F7007191D26D4D300A2E1D6 /* PanelInput.h */ = {isa = PBXFileReference; fileEncoding = 4; lastKnownFileType = sourcecode.c.h; name = PanelInput.h; path = ../Classes/PanelInput.h; sourceTree = "<group>"; };
		2F70071A1D26D4D300A2E1D6 /* PanelInputOperand.cpp */ = {isa = PBXFileReference; fileEncoding = 4; lastKnownFileType = sourcecode.cpp.cpp; name = PanelInputOperand.cpp; path = ../Classes/PanelInputOperand.cpp; sourceTree = "<group>"; };
		2F70071B1D26D4D300A2E1D6 /* PanelInputOperand.h */ = {isa = PBXFileReference; fileEncoding = 4; lastKnownFileType = sourcecode.c.h; name = PanelInputOperand.h; path = ../Classes/PanelInputOperand.h; sourceTree = "<group>"; };
		2F70071C1D26D4D300A2E1D6 /* PanelInputOperator.cpp */ = {isa = PBXFileReference; fileEncoding = 4; lastKnownFileType = sourcecode.cpp.cpp; name = PanelInputOperator.cpp; path = ../Classes/PanelInputOperator.cpp; sourceTree = "<group>"; };
		2F70071D1D26D4D300A2E1D6 /* PanelInputOperator.h */ = {isa = PBXFileReference; fileEncoding = 4; lastKnownFileType = sourcecode.c.h; name = PanelInputOperator.h; path = ../Classes/PanelInputOperator.h; sourceTree = "<group>"; };
		2F7007221D26D4D300A2E1D6 /* Equation.cpp */ = {isa = PBXFileReference; fileEncoding = 4; lastKnownFileType = sourcecode.cpp.cpp; path = Equation.cpp; sourceTree = "<group>"; };
		2F7007231D26D4D300A2E1D6 /* Equation.h */ = {isa = PBXFileReference; fileEncoding = 4; lastKnownFileType = sourcecode.c.h; path = Equation.h; sourceTree = "<group>"; };
		2F7007241D26D4D300A2E1D6 /* EquationBinary.cpp */ = {isa = PBXFileReference; fileEncoding = 4; lastKnownFileType = sourcecode.cpp.cpp; path = EquationBinary.cpp; sourceTree = "<group>"; };
		2F7007251D26D4D300A2E1D6 /* EquationBinary.h */ = {isa = PBXFileReference; fileEncoding = 4; lastKnownFileType = sourcecode.c.h; path = EquationBinary.h; sourceTree = "<group>"; };
		2F7007261D26D4D300A2E1D6 /* EquationBuilder.cpp */ = {isa = PBXFileReference; fileEncoding = 4; lastKnownFileType = sourcecode.cpp.cpp; path = EquationBuilder.cpp; sourceTree = "<group>"; };
		2F7007271D26D4D300A2E1D6 /* EquationBuilder.h */ = {isa = PBXFileReference; fileEncoding = 4; lastKnownFileType = sourcecode.c.h; path = EquationBuilder.h; sourceTree = "<group>"; };
		2F7007281D26D4D300A2E1D6 /* EquationUnary.cpp */ = {isa = PBXFileReference; fileEncoding = 4; lastKnownFileType = sourcecode.cpp.cpp; path = EquationUnary.cpp; sourceTree = "<group>"; };
		2F7007291D26D4D300A2E1D6 /* EquationUnary.h */ = {isa = PBXFileReference; fileEncoding = 4; lastKnownFileType = sourcecode.c.h; path = EquationUnary.h; sourceTree = "<group>"; };
		2F70072A1D26D4D300A2E1D6 /* LayerEquation.cpp */ = {isa = PBXFileReference; fileEncoding = 4; lastKnownFileType = sourcecode.cpp.cpp; path = LayerEquation.cpp; sourceTree = "<group>"; };
		2F70072B1D26D4D300A2E1D6 /* LayerEquation.h */ = {isa = PBXFileReference; fileEncoding = 4; lastKnownFileType = sourcecode.c.h; path = LayerEquation.h; sourceTree = "<group>"; };
		2F70072C1D26D4D300A2E1D6 /* LayerLinkage.cpp */ = {isa = PBXFileReference; fileEncoding = 4; lastKnownFileType = sourcecode.cpp.cpp; path = LayerLinkage.cpp; sourceTree = "<group>"; };
		2F70072D1D26D4D300A2E1D6 /* LayerLinkage.h */ = {isa = PBXFileReference; fileEncoding = 4; lastKnownFileType = sourcecode.c.h; path = LayerLinkage.h; sourceTree = "<group>"; };
		2F70072E1D26D4D300A2E1D6 /* LayerUICal.cpp */ = {isa = PBXFileReference; fileEncoding = 4; lastKnownFileType = sourcecode.cpp.cpp; path = LayerUICal.cpp; sourceTree = "<group>"; };
		2F70072F1D26D4D300A2E1D6 /* LayerUICal.h */ = {isa = PBXFileReference; fileEncoding = 4; lastKnownFileType = sourcecode.c.h; path = LayerUICal.h; sourceTree = "<group>"; };
		2F7007301D26D4D300A2E1D6 /* Linkage.cpp */ = {isa = PBXFileReference; fileEncoding = 4; lastKnownFileType = sourcecode.cpp.cpp; path = Linkage.cpp; sourceTree = "<group>"; };
		2F7007311D26D4D300A2E1D6 /* Linkage.h */ = {isa = PBXFileReference; fileEncoding = 4; lastKnownFileType = sourcecode.c.h; path = Linkage.h; sourceTree = "<group>"; };
		2F7007321D26D4D300A2E1D6 /* LinkingManager.cpp */ = {isa = PBXFileReference; fileEncoding = 4; lastKnownFileType = sourcecode.cpp.cpp; path = LinkingManager.cpp; sourceTree = "<group>"; };
		2F7007331D26D4D300A2E1D6 /* LinkingManager.h */ = {isa = PBXFileReference; fileEncoding = 4; lastKnownFileType = sourcecode.c.h; path = LinkingManager.h; sourceTree = "<group>"; };
		2F7007341D26D4D300A2E1D6 /* LinkingNode.cpp */ = {isa = PBXFileReference; fileEncoding = 4; lastKnownFileType = sourcecode.cpp.cpp; path = LinkingNode.cpp; sourceTree = "<group>"; };
		2F7007351D26D4D300A2E1D6 /* LinkingNode.h */ = {isa = PBXFileReference; fileEncoding = 4; lastKnownFileType = sourcecode.c.h; path = LinkingNode.h; sourceTree = "<group>"; };
		2F7007361D26D4D300A2E1D6 /* LinkingNodeOperand.cpp */ = {isa = PBXFileReference; fileEncoding = 4; lastKnownFileType = sourcecode.cpp.cpp; path = LinkingNodeOperand.cpp; sourceTree = "<group>"; };
		2F7007371D26D4D300A2E1D6 /* LinkingNodeOperand.h */ = {isa = PBXFileReference; fileEncoding = 4; lastKnownFileType = sourcecode.c.h; path = LinkingNodeOperand.h; sourceTree = "<group>"; };
		2F7007381D26D4D300A2E1D6 /* LinkingNodePair.cpp */ = {isa = PBXFileReference; fileEncoding = 4; lastKnownFileType = sourcecode.cpp.cpp; path = LinkingNodePair.cpp; sourceTree = "<group>"; };
		2F7007391D26D4D300A2E1D6 /* LinkingNodePair.h */ = {isa = PBXFileReference; fileEncoding = 4; lastKnownFileType = sourcecode.c.h; path = LinkingNodePair.h; sourceTree = "<group>"; };
		2F70073A1D26D4D300A2E1D6 /* LinkingNodeResult.cpp */ = {isa = PBXFileReference; fileEncoding = 4; lastKnownFileType = sourcecode.cpp.cpp; path = LinkingNodeResult.cpp; sourceTree = "<group>"; };
		2F70073B1D26D4D300A2E1D6 /* LinkingNodeResult.h */ = {isa = PBXFileReference; fileEncoding = 4; lastKnownFileType = sourcecode.c.h; path = LinkingNodeResult.h; sourceTree = "<group>"; };
		2F70073C1D26D4D300A2E1D6 /* SceneCalculator.cpp */ = {isa = PBXFileReference; fileEncoding = 4; lastKnownFileType = sourcecode.cpp.cpp; path = SceneCalculator.cpp; sourceTree = "<group>"; };
		2F70073D1D26D4D300A2E1D6 /* SceneCalculator.h */ = {isa = PBXFileReference; fileEncoding = 4; lastKnownFileType = sourcecode.c.h; path = SceneCalculator.h; sourceTree = "<group>"; };
		2F70073E1D26D4D300A2E1D6 /* TextHolderWithLinking.cpp */ = {isa = PBXFileReference; fileEncoding = 4; lastKnownFileType = sourcecode.cpp.cpp; path = TextHolderWithLinking.cpp; sourceTree = "<group>"; };
		2F70073F1D26D4D300A2E1D6 /* TextHolderWithLinking.h */ = {isa = PBXFileReference; fileEncoding = 4; lastKnownFileType = sourcecode.c.h; path = TextHolderWithLinking.h; sourceTree = "<group>"; };
		2F7007401D26D4D300A2E1D6 /* TextOperandWithLinking.cpp */ = {isa = PBXFileReference; fileEncoding = 4; lastKnownFileType = sourcecode.cpp.cpp; path = TextOperandWithLinking.cpp; sourceTree = "<group>"; };
		2F7007411D26D4D300A2E1D6 /* TextOperandWithLinking.h */ = {isa = PBXFileReference; fileEncoding = 4; lastKnownFileType = sourcecode.c.h; path = TextOperandWithLinking.h; sourceTree = "<group>"; };
		2F7007581D26D4D300A2E1D6 /* Text.cpp */ = {isa = PBXFileReference; fileEncoding = 4; lastKnownFileType = sourcecode.cpp.cpp; name = Text.cpp; path = ../Classes/Text.cpp; sourceTree = "<group>"; };
		2F7007591D26D4D300A2E1D6 /* Text.h */ = {isa = PBXFileReference; fileEncoding = 4; lastKnownFileType = sourcecode.c.h; name = Text.h; path = ../Classes/Text.h; sourceTree = "<group>"; };
		2F70075A1D26D4D300A2E1D6 /* TextHolder.cpp */ = {isa = PBXFileReference; fileEncoding = 4; lastKnownFileType = sourcecode.cpp.cpp; name = TextHolder.cpp; path = ../Classes/TextHolder.cpp; sourceTree = "<group>"; };
		2F70075B1D26D4D300A2E1D6 /* TextHolder.h */ = {isa = PBXFileReference; fileEncoding = 4; lastKnownFileType = sourcecode.c.h; name = TextHolder.h; path = ../Classes/TextHolder.h; sourceTree = "<group>"; };
		2F70075C1D26D4D300A2E1D6 /* TextOperand.cpp */ = {isa = PBXFileReference; fileEncoding = 4; lastKnownFileType = sourcecode.cpp.cpp; name = TextOperand.cpp; path = ../Classes/TextOperand.cpp; sourceTree = "<group>"; };
		2F70075D1D26D4D300A2E1D6 /* TextOperand.h */ = {isa = PBXFileReference; fileEncoding = 4; lastKnownFileType = sourcecode.c.h; name = TextOperand.h; path = ../Classes/TextOperand.h; sourceTree = "<group>"; };
		2F70075E1D26D4D300A2E1D6 /* TextOperator.cpp */ = {isa = PBXFileReference; fileEncoding = 4; lastKnownFileType = sourcecode.cpp.cpp; name = TextOperator.cpp; path = ../Classes/TextOperator.cpp; sourceTree = "<group>"; };
		2F70075F1D26D4D300A2E1D6 /* TextOperator.h */ = {isa = PBXFileReference; fileEncoding = 4; lastKnownFileType = sourcecode.c.h; name = TextOperator.h; path = ../Classes/TextOperator.h; sourceTree = "<group>"; };
		2F7007601D26D4D300A2E1D6 /* TouchManager.cpp */ = {isa = PBXFileReference; fileEncoding = 4; lastKnownFileType = sourcecode.cpp.cpp; name = TouchManager.cpp; path = ../Classes/TouchManager.cpp; sourceTree = "<group>"; };
		2F7007611D26D4D300A2E1D6 /* TouchManager.h */ = {isa = PBXFileReference; fileEncoding = 4; lastKnownFileType = sourcecode.c.h; name = TouchManager.h; path = ../Classes/TouchManager.h; sourceTree = "<group>"; };
		2F9C46651D2EA1E10001B9C4 /* LayerHelpCal.cpp */ = {isa = PBXFileReference; fileEncoding = 4; lastKnownFileType = sourcecode.cpp.cpp; path = LayerHelpCal.cpp; sourceTree = "<group>"; };
		2F9C46661D2EA1E10001B9C4 /* LayerHelpCal.h */ = {isa = PBXFileReference; fileEncoding = 4; lastKnownFileType = sourcecode.c.h; path = LayerHelpCal.h; sourceTree = "<group>"; };
		2FC852751D32941000AA2516 /* LayerPersistenceCal.cpp */ = {isa = PBXFileReference; fileEncoding = 4; lastKnownFileType = sourcecode.cpp.cpp; path = LayerPersistenceCal.cpp; sourceTree = "<group>"; };
		2FC852761D32941000AA2516 /* LayerPersistenceCal.h */ = {isa = PBXFileReference; fileEncoding = 4; lastKnownFileType = sourcecode.c.h; path = LayerPersistenceCal.h; sourceTree = "<group>"; };
		2FD4292C1D300D6600850536 /* LayerScroll.cpp */ = {isa = PBXFileReference; fileEncoding = 4; lastKnownFileType = sourcecode.cpp.cpp; name = LayerScroll.cpp; path = ../Classes/LayerScroll.cpp; sourceTree = "<group>"; };
		2FD4292D1D300D6600850536 /* LayerScroll.h */ = {isa = PBXFileReference; fileEncoding = 4; lastKnownFileType = sourcecode.c.h; name = LayerScroll.h; path = ../Classes/LayerScroll.h; sourceTree = "<group>"; };
		503AE0F617EB97AB00D1A890 /* Icon.icns */ = {isa = PBXFileReference; lastKnownFileType = image.icns; path = Icon.icns; sourceTree = "<group>"; };
		503AE0F717EB97AB00D1A890 /* Info.plist */ = {isa = PBXFileReference; fileEncoding = 4; lastKnownFileType = text.plist.xml; path = Info.plist; sourceTree = "<group>"; };
		503AE0FA17EB989F00D1A890 /* AppController.h */ = {isa = PBXFileReference; fileEncoding = 4; lastKnownFileType = sourcecode.c.h; name = AppController.h; path = ios/AppController.h; sourceTree = SOURCE_ROOT; };
		503AE0FB17EB989F00D1A890 /* AppController.mm */ = {isa = PBXFileReference; fileEncoding = 4; lastKnownFileType = sourcecode.cpp.objcpp; name = AppController.mm; path = ios/AppController.mm; sourceTree = SOURCE_ROOT; };
		503AE0FC17EB989F00D1A890 /* main.m */ = {isa = PBXFileReference; fileEncoding = 4; lastKnownFileType = sourcecode.c.objc; name = main.m; path = ios/main.m; sourceTree = SOURCE_ROOT; };
		503AE0FD17EB989F00D1A890 /* Prefix.pch */ = {isa = PBXFileReference; fileEncoding = 4; lastKnownFileType = sourcecode.c.h; name = Prefix.pch; path = ios/Prefix.pch; sourceTree = SOURCE_ROOT; };
		503AE0FE17EB989F00D1A890 /* RootViewController.h */ = {isa = PBXFileReference; fileEncoding = 4; lastKnownFileType = sourcecode.c.h; name = RootViewController.h; path = ios/RootViewController.h; sourceTree = SOURCE_ROOT; };
		503AE0FF17EB989F00D1A890 /* RootViewController.mm */ = {isa = PBXFileReference; fileEncoding = 4; lastKnownFileType = sourcecode.cpp.objcpp; name = RootViewController.mm; path = ios/RootViewController.mm; sourceTree = SOURCE_ROOT; };
		503AE10317EB98FF00D1A890 /* main.cpp */ = {isa = PBXFileReference; fileEncoding = 4; lastKnownFileType = sourcecode.cpp.cpp; name = main.cpp; path = mac/main.cpp; sourceTree = "<group>"; };
		503AE10417EB98FF00D1A890 /* Prefix.pch */ = {isa = PBXFileReference; fileEncoding = 4; lastKnownFileType = sourcecode.c.h; name = Prefix.pch; path = mac/Prefix.pch; sourceTree = "<group>"; };
		503AE11117EB99EE00D1A890 /* libcurl.dylib */ = {isa = PBXFileReference; lastKnownFileType = "compiled.mach-o.dylib"; name = libcurl.dylib; path = usr/lib/libcurl.dylib; sourceTree = SDKROOT; };
		503AE11A17EB9C5A00D1A890 /* IOKit.framework */ = {isa = PBXFileReference; lastKnownFileType = wrapper.framework; name = IOKit.framework; path = System/Library/Frameworks/IOKit.framework; sourceTree = SDKROOT; };
		5087E76F17EB910900C73F5D /* CalcuSeq Mac.app */ = {isa = PBXFileReference; explicitFileType = wrapper.application; includeInIndex = 0; path = "CalcuSeq Mac.app"; sourceTree = BUILT_PRODUCTS_DIR; };
		5087E77217EB970100C73F5D /* Default-568h@2x.png */ = {isa = PBXFileReference; lastKnownFileType = image.png; path = "Default-568h@2x.png"; sourceTree = "<group>"; };
		5087E77317EB970100C73F5D /* Default.png */ = {isa = PBXFileReference; lastKnownFileType = image.png; path = Default.png; sourceTree = "<group>"; };
		5087E77417EB970100C73F5D /* Default@2x.png */ = {isa = PBXFileReference; lastKnownFileType = image.png; path = "Default@2x.png"; sourceTree = "<group>"; };
		5087E77517EB970100C73F5D /* Icon-114.png */ = {isa = PBXFileReference; lastKnownFileType = image.png; path = "Icon-114.png"; sourceTree = "<group>"; };
		5087E77617EB970100C73F5D /* Icon-120.png */ = {isa = PBXFileReference; lastKnownFileType = image.png; path = "Icon-120.png"; sourceTree = "<group>"; };
		5087E77717EB970100C73F5D /* Icon-144.png */ = {isa = PBXFileReference; lastKnownFileType = image.png; path = "Icon-144.png"; sourceTree = "<group>"; };
		5087E77817EB970100C73F5D /* Icon-152.png */ = {isa = PBXFileReference; lastKnownFileType = image.png; path = "Icon-152.png"; sourceTree = "<group>"; };
		5087E77917EB970100C73F5D /* Icon-57.png */ = {isa = PBXFileReference; lastKnownFileType = image.png; path = "Icon-57.png"; sourceTree = "<group>"; };
		5087E77A17EB970100C73F5D /* Icon-72.png */ = {isa = PBXFileReference; lastKnownFileType = image.png; path = "Icon-72.png"; sourceTree = "<group>"; };
		5087E77B17EB970100C73F5D /* Icon-76.png */ = {isa = PBXFileReference; lastKnownFileType = image.png; path = "Icon-76.png"; sourceTree = "<group>"; };
		5087E77C17EB970100C73F5D /* Info.plist */ = {isa = PBXFileReference; fileEncoding = 4; lastKnownFileType = text.plist.xml; path = Info.plist; sourceTree = "<group>"; };
		5087E78817EB974C00C73F5D /* AppKit.framework */ = {isa = PBXFileReference; lastKnownFileType = wrapper.framework; name = AppKit.framework; path = System/Library/Frameworks/AppKit.framework; sourceTree = SDKROOT; };
		5087E78A17EB975400C73F5D /* OpenGL.framework */ = {isa = PBXFileReference; lastKnownFileType = wrapper.framework; name = OpenGL.framework; path = System/Library/Frameworks/OpenGL.framework; sourceTree = SDKROOT; };
		50EF629217ECD46A001EB2F8 /* Icon-40.png */ = {isa = PBXFileReference; lastKnownFileType = image.png; path = "Icon-40.png"; sourceTree = "<group>"; };
		50EF629317ECD46A001EB2F8 /* Icon-58.png */ = {isa = PBXFileReference; lastKnownFileType = image.png; path = "Icon-58.png"; sourceTree = "<group>"; };
		50EF629417ECD46A001EB2F8 /* Icon-80.png */ = {isa = PBXFileReference; lastKnownFileType = image.png; path = "Icon-80.png"; sourceTree = "<group>"; };
		50EF629517ECD46A001EB2F8 /* Icon-100.png */ = {isa = PBXFileReference; lastKnownFileType = image.png; path = "Icon-100.png"; sourceTree = "<group>"; };
		50EF62A017ECD613001EB2F8 /* Icon-29.png */ = {isa = PBXFileReference; lastKnownFileType = image.png; path = "Icon-29.png"; sourceTree = "<group>"; };
		50EF62A117ECD613001EB2F8 /* Icon-50.png */ = {isa = PBXFileReference; lastKnownFileType = image.png; path = "Icon-50.png"; sourceTree = "<group>"; };
		BF170DB012928DE900B8313A /* OpenGLES.framework */ = {isa = PBXFileReference; lastKnownFileType = wrapper.framework; name = OpenGLES.framework; path = System/Library/Frameworks/OpenGLES.framework; sourceTree = SDKROOT; };
		BF170DB412928DE900B8313A /* libz.dylib */ = {isa = PBXFileReference; lastKnownFileType = "compiled.mach-o.dylib"; name = libz.dylib; path = usr/lib/libz.dylib; sourceTree = SDKROOT; };
		BF1C47EA1293683800B63C5D /* QuartzCore.framework */ = {isa = PBXFileReference; lastKnownFileType = wrapper.framework; name = QuartzCore.framework; path = System/Library/Frameworks/QuartzCore.framework; sourceTree = SDKROOT; };
		D44C620B132DFF330009C878 /* OpenAL.framework */ = {isa = PBXFileReference; lastKnownFileType = wrapper.framework; name = OpenAL.framework; path = System/Library/Frameworks/OpenAL.framework; sourceTree = SDKROOT; };
		D44C620D132DFF430009C878 /* AVFoundation.framework */ = {isa = PBXFileReference; lastKnownFileType = wrapper.framework; name = AVFoundation.framework; path = System/Library/Frameworks/AVFoundation.framework; sourceTree = SDKROOT; };
		D44C620F132DFF4E0009C878 /* AudioToolbox.framework */ = {isa = PBXFileReference; lastKnownFileType = wrapper.framework; name = AudioToolbox.framework; path = System/Library/Frameworks/AudioToolbox.framework; sourceTree = SDKROOT; };
		D6B0611A1803AB670077942B /* CoreMotion.framework */ = {isa = PBXFileReference; lastKnownFileType = wrapper.framework; name = CoreMotion.framework; path = Platforms/iPhoneOS.platform/Developer/SDKs/iPhoneOS7.0.sdk/System/Library/Frameworks/CoreMotion.framework; sourceTree = DEVELOPER_DIR; };
/* End PBXFileReference section */

/* Begin PBXFrameworksBuildPhase section */
		1D60588F0D05DD3D006BFB54 /* Frameworks */ = {
			isa = PBXFrameworksBuildPhase;
			buildActionMask = 2147483647;
			files = (
				1AC6FB2E180E99EB004C840B /* libbox2d iOS.a in Frameworks */,
				1AC6FB2F180E99EB004C840B /* libchipmunk iOS.a in Frameworks */,
				1AC6FB30180E99EB004C840B /* libcocos2dx iOS.a in Frameworks */,
				1AC6FB31180E99EB004C840B /* libcocos2dx-extensions iOS.a in Frameworks */,
				1AC6FB32180E99EB004C840B /* libCocosDenshion iOS.a in Frameworks */,
				D6B0611B1803AB670077942B /* CoreMotion.framework in Frameworks */,
				1D60589F0D05DD5A006BFB54 /* Foundation.framework in Frameworks */,
				1DF5F4E00D08C38300B7A737 /* UIKit.framework in Frameworks */,
				288765A50DF7441C002DB57D /* CoreGraphics.framework in Frameworks */,
				BF171245129291EC00B8313A /* OpenGLES.framework in Frameworks */,
				BF1712471292920000B8313A /* libz.dylib in Frameworks */,
				BF1C47F01293687400B63C5D /* QuartzCore.framework in Frameworks */,
				D44C620C132DFF330009C878 /* OpenAL.framework in Frameworks */,
				D44C620E132DFF430009C878 /* AVFoundation.framework in Frameworks */,
				D44C6210132DFF4E0009C878 /* AudioToolbox.framework in Frameworks */,
			);
			runOnlyForDeploymentPostprocessing = 0;
		};
		5087E75C17EB910900C73F5D /* Frameworks */ = {
			isa = PBXFrameworksBuildPhase;
			buildActionMask = 2147483647;
			files = (
				1AC6FB1F180E996B004C840B /* libbox2d Mac.a in Frameworks */,
				1AC6FB20180E996B004C840B /* libchipmunk Mac.a in Frameworks */,
				1AC6FB21180E996B004C840B /* libcocos2dx Mac.a in Frameworks */,
				1AC6FB22180E996B004C840B /* libcocos2dx-extensions Mac.a in Frameworks */,
				1AC6FB23180E996B004C840B /* libCocosDenshion Mac.a in Frameworks */,
				503AE11217EB99EE00D1A890 /* libcurl.dylib in Frameworks */,
				5087E76717EB910900C73F5D /* libz.dylib in Frameworks */,
				503AE11B17EB9C5A00D1A890 /* IOKit.framework in Frameworks */,
				5087E78B17EB975400C73F5D /* OpenGL.framework in Frameworks */,
				5087E78917EB974C00C73F5D /* AppKit.framework in Frameworks */,
				5087E76317EB910900C73F5D /* Foundation.framework in Frameworks */,
				5087E76517EB910900C73F5D /* CoreGraphics.framework in Frameworks */,
				5087E76817EB910900C73F5D /* QuartzCore.framework in Frameworks */,
				5087E76917EB910900C73F5D /* OpenAL.framework in Frameworks */,
				5087E76A17EB910900C73F5D /* AVFoundation.framework in Frameworks */,
				5087E76B17EB910900C73F5D /* AudioToolbox.framework in Frameworks */,
			);
			runOnlyForDeploymentPostprocessing = 0;
		};
/* End PBXFrameworksBuildPhase section */

/* Begin PBXGroup section */
		080E96DDFE201D6D7F000001 /* ios */ = {
			isa = PBXGroup;
			children = (
				5087E77117EB970100C73F5D /* Icons */,
				503AE0FA17EB989F00D1A890 /* AppController.h */,
				503AE0FB17EB989F00D1A890 /* AppController.mm */,
				503AE0FC17EB989F00D1A890 /* main.m */,
				503AE0FD17EB989F00D1A890 /* Prefix.pch */,
				503AE0FE17EB989F00D1A890 /* RootViewController.h */,
				503AE0FF17EB989F00D1A890 /* RootViewController.mm */,
			);
			name = ios;
			path = Classes;
			sourceTree = "<group>";
		};
		15AA9C4015B7EC450033D6C2 /* Classes */ = {
			isa = PBXGroup;
			children = (
				2FD4292C1D300D6600850536 /* LayerScroll.cpp */,
				2FD4292D1D300D6600850536 /* LayerScroll.h */,
				2F70070B1D26D4D300A2E1D6 /* AppDelegate.cpp */,
				2F70070C1D26D4D300A2E1D6 /* AppDelegate.h */,
				2F70070D1D26D4D300A2E1D6 /* LayerUI.cpp */,
				2F70070E1D26D4D300A2E1D6 /* LayerUI.h */,
				2F70070F1D26D4D300A2E1D6 /* ModuleStorage.cpp */,
				2F7007101D26D4D300A2E1D6 /* ModuleStorage.h */,
				2F7007111D26D4D300A2E1D6 /* PanelButton.cpp */,
				2F7007121D26D4D300A2E1D6 /* PanelButton.h */,
				2F7007131D26D4D300A2E1D6 /* PanelButtonRestore.cpp */,
				2F7007141D26D4D300A2E1D6 /* PanelButtonRestore.h */,
				2F7007151D26D4D300A2E1D6 /* PanelButtonStore.cpp */,
				2F7007161D26D4D300A2E1D6 /* PanelButtonStore.h */,
				2F7007171D26D4D300A2E1D6 /* PanelButtonType.h */,
				2F7007181D26D4D300A2E1D6 /* PanelInput.cpp */,
				2F7007191D26D4D300A2E1D6 /* PanelInput.h */,
				2F70071A1D26D4D300A2E1D6 /* PanelInputOperand.cpp */,
				2F70071B1D26D4D300A2E1D6 /* PanelInputOperand.h */,
				2F70071C1D26D4D300A2E1D6 /* PanelInputOperator.cpp */,
				2F70071D1D26D4D300A2E1D6 /* PanelInputOperator.h */,
				2F7007211D26D4D300A2E1D6 /* SceneCalculator */,
				2F7007581D26D4D300A2E1D6 /* Text.cpp */,
				2F7007591D26D4D300A2E1D6 /* Text.h */,
				2F70075A1D26D4D300A2E1D6 /* TextHolder.cpp */,
				2F70075B1D26D4D300A2E1D6 /* TextHolder.h */,
				2F70075C1D26D4D300A2E1D6 /* TextOperand.cpp */,
				2F70075D1D26D4D300A2E1D6 /* TextOperand.h */,
				2F70075E1D26D4D300A2E1D6 /* TextOperator.cpp */,
				2F70075F1D26D4D300A2E1D6 /* TextOperator.h */,
				2F7007601D26D4D300A2E1D6 /* TouchManager.cpp */,
				2F7007611D26D4D300A2E1D6 /* TouchManager.h */,
			);
			name = Classes;
			path = ../classes;
			sourceTree = "<group>";
		};
		19C28FACFE9D520D11CA2CBB /* Products */ = {
			isa = PBXGroup;
			children = (
				1D6058910D05DD3D006BFB54 /* CalcuSeq.app */,
				5087E76F17EB910900C73F5D /* CalcuSeq Mac.app */,
			);
			name = Products;
			sourceTree = "<group>";
		};
		1AC6FAE6180E9839004C840B /* Products */ = {
			isa = PBXGroup;
			children = (
				1AC6FAF9180E9839004C840B /* libcocos2dx Mac.a */,
				1AC6FAFB180E9839004C840B /* libcocos2dx-extensions Mac.a */,
				1AC6FAFD180E9839004C840B /* libchipmunk Mac.a */,
				1AC6FAFF180E9839004C840B /* libbox2d Mac.a */,
				1AC6FB01180E9839004C840B /* libCocosDenshion Mac.a */,
				1AC6FB07180E9839004C840B /* libcocos2dx iOS.a */,
				1AC6FB09180E9839004C840B /* libcocos2dx-extensions iOS.a */,
				1AC6FB0B180E9839004C840B /* libchipmunk iOS.a */,
				1AC6FB0D180E9839004C840B /* libbox2d iOS.a */,
				1AC6FB0F180E9839004C840B /* libCocosDenshion iOS.a */,
			);
			name = Products;
			sourceTree = "<group>";
		};
		29B97314FDCFA39411CA2CEA /* CustomTemplate */ = {
			isa = PBXGroup;
			children = (
				1AC6FAE5180E9839004C840B /* cocos2d_libs.xcodeproj */,
				15AA9C4015B7EC450033D6C2 /* Classes */,
				29B97323FDCFA39411CA2CEA /* Frameworks */,
				080E96DDFE201D6D7F000001 /* ios */,
				503AE10617EB990700D1A890 /* mac */,
				19C28FACFE9D520D11CA2CBB /* Products */,
				2F0D5FDB1D4CF874004672BF /* Resources */,
			);
			name = CustomTemplate;
			sourceTree = "<group>";
		};
		29B97323FDCFA39411CA2CEA /* Frameworks */ = {
			isa = PBXGroup;
			children = (
				D6B0611A1803AB670077942B /* CoreMotion.framework */,
				503AE11A17EB9C5A00D1A890 /* IOKit.framework */,
				503AE11117EB99EE00D1A890 /* libcurl.dylib */,
				5087E78A17EB975400C73F5D /* OpenGL.framework */,
				5087E78817EB974C00C73F5D /* AppKit.framework */,
				1ACB3243164770DE00914215 /* libcurl.a */,
				BF170DB412928DE900B8313A /* libz.dylib */,
				D44C620F132DFF4E0009C878 /* AudioToolbox.framework */,
				D44C620D132DFF430009C878 /* AVFoundation.framework */,
				288765A40DF7441C002DB57D /* CoreGraphics.framework */,
				1D30AB110D05D00D00671497 /* Foundation.framework */,
				D44C620B132DFF330009C878 /* OpenAL.framework */,
				BF170DB012928DE900B8313A /* OpenGLES.framework */,
				BF1C47EA1293683800B63C5D /* QuartzCore.framework */,
				1DF5F4DF0D08C38300B7A737 /* UIKit.framework */,
			);
			name = Frameworks;
			sourceTree = "<group>";
		};
		2F0D5FDB1D4CF874004672BF /* Resources */ = {
			isa = PBXGroup;
			children = (
				2F211FD81D4F79530064BF03 /* Images.xcassets */,
				2F0D600F1D4CFB63004672BF /* BLANK.png */,
				2F0D60141D4CFB63004672BF /* BUTTON90_EMPTY.png */,
				2F0D60151D4CFB63004672BF /* BUTTON90.png */,
				2F0D60161D4CFB63004672BF /* BUTTON180.png */,
				2F0D60171D4CFB63004672BF /* buttons */,
				2F0D60181D4CFB63004672BF /* font */,
				2F0D60191D4CFB63004672BF /* ResourcesCalculator */,
				2F0D601A1D4CFB63004672BF /* textHolder.png */,
				2F0D601B1D4CFB63004672BF /* textHolderWide.png */,
			);
			name = Resources;
			path = ../Resources;
			sourceTree = "<group>";
		};
		2F7007211D26D4D300A2E1D6 /* SceneCalculator */ = {
			isa = PBXGroup;
			children = (
				2F1FDD811D48FE1D00A358D6 /* ButtonCompute.cpp */,
				2F1FDD821D48FE1D00A358D6 /* ButtonCompute.h */,
				2F0030FB1D392CB00049CE98 /* PanelEdit.cpp */,
				2F0030FC1D392CB00049CE98 /* PanelEdit.h */,
				2F0030F61D37D2ED0049CE98 /* LinkingIdentifier.cpp */,
				2F0030F71D37D2ED0049CE98 /* LinkingIdentifier.h */,
				2F0030F81D37D2ED0049CE98 /* VersionConfigCal.h */,
				2F0030DF1D3680960049CE98 /* PersistenceButton.cpp */,
				2F0030E01D3680960049CE98 /* PersistenceButton.h */,
				2F0030E11D3680960049CE98 /* PersistenceManager.cpp */,
				2F0030E21D3680960049CE98 /* PersistenceManager.h */,
				2FC852751D32941000AA2516 /* LayerPersistenceCal.cpp */,
				2FC852761D32941000AA2516 /* LayerPersistenceCal.h */,
				2F9C46651D2EA1E10001B9C4 /* LayerHelpCal.cpp */,
				2F9C46661D2EA1E10001B9C4 /* LayerHelpCal.h */,
				2F7007221D26D4D300A2E1D6 /* Equation.cpp */,
				2F7007231D26D4D300A2E1D6 /* Equation.h */,
				2F7007241D26D4D300A2E1D6 /* EquationBinary.cpp */,
				2F7007251D26D4D300A2E1D6 /* EquationBinary.h */,
				2F7007261D26D4D300A2E1D6 /* EquationBuilder.cpp */,
				2F7007271D26D4D300A2E1D6 /* EquationBuilder.h */,
				2F7007281D26D4D300A2E1D6 /* EquationUnary.cpp */,
				2F7007291D26D4D300A2E1D6 /* EquationUnary.h */,
				2F70072A1D26D4D300A2E1D6 /* LayerEquation.cpp */,
				2F70072B1D26D4D300A2E1D6 /* LayerEquation.h */,
				2F70072C1D26D4D300A2E1D6 /* LayerLinkage.cpp */,
				2F70072D1D26D4D300A2E1D6 /* LayerLinkage.h */,
				2F70072E1D26D4D300A2E1D6 /* LayerUICal.cpp */,
				2F70072F1D26D4D300A2E1D6 /* LayerUICal.h */,
				2F7007301D26D4D300A2E1D6 /* Linkage.cpp */,
				2F7007311D26D4D300A2E1D6 /* Linkage.h */,
				2F7007321D26D4D300A2E1D6 /* LinkingManager.cpp */,
				2F7007331D26D4D300A2E1D6 /* LinkingManager.h */,
				2F7007341D26D4D300A2E1D6 /* LinkingNode.cpp */,
				2F7007351D26D4D300A2E1D6 /* LinkingNode.h */,
				2F7007361D26D4D300A2E1D6 /* LinkingNodeOperand.cpp */,
				2F7007371D26D4D300A2E1D6 /* LinkingNodeOperand.h */,
				2F7007381D26D4D300A2E1D6 /* LinkingNodePair.cpp */,
				2F7007391D26D4D300A2E1D6 /* LinkingNodePair.h */,
				2F70073A1D26D4D300A2E1D6 /* LinkingNodeResult.cpp */,
				2F70073B1D26D4D300A2E1D6 /* LinkingNodeResult.h */,
				2F70073C1D26D4D300A2E1D6 /* SceneCalculator.cpp */,
				2F70073D1D26D4D300A2E1D6 /* SceneCalculator.h */,
				2F70073E1D26D4D300A2E1D6 /* TextHolderWithLinking.cpp */,
				2F70073F1D26D4D300A2E1D6 /* TextHolderWithLinking.h */,
				2F7007401D26D4D300A2E1D6 /* TextOperandWithLinking.cpp */,
				2F7007411D26D4D300A2E1D6 /* TextOperandWithLinking.h */,
			);
			name = SceneCalculator;
			path = ../Classes/SceneCalculator;
			sourceTree = "<group>";
		};
		503AE0F517EB97AB00D1A890 /* Icons */ = {
			isa = PBXGroup;
			children = (
				503AE0F617EB97AB00D1A890 /* Icon.icns */,
				503AE0F717EB97AB00D1A890 /* Info.plist */,
			);
			name = Icons;
			path = mac;
			sourceTree = SOURCE_ROOT;
		};
		503AE10617EB990700D1A890 /* mac */ = {
			isa = PBXGroup;
			children = (
				503AE0F517EB97AB00D1A890 /* Icons */,
				503AE10317EB98FF00D1A890 /* main.cpp */,
				503AE10417EB98FF00D1A890 /* Prefix.pch */,
			);
			name = mac;
			sourceTree = "<group>";
		};
		5087E77117EB970100C73F5D /* Icons */ = {
			isa = PBXGroup;
			children = (
				5087E77217EB970100C73F5D /* Default-568h@2x.png */,
				5087E77317EB970100C73F5D /* Default.png */,
				5087E77417EB970100C73F5D /* Default@2x.png */,
				50EF62A017ECD613001EB2F8 /* Icon-29.png */,
				50EF62A117ECD613001EB2F8 /* Icon-50.png */,
				50EF629217ECD46A001EB2F8 /* Icon-40.png */,
				50EF629317ECD46A001EB2F8 /* Icon-58.png */,
				50EF629417ECD46A001EB2F8 /* Icon-80.png */,
				50EF629517ECD46A001EB2F8 /* Icon-100.png */,
				5087E77517EB970100C73F5D /* Icon-114.png */,
				5087E77617EB970100C73F5D /* Icon-120.png */,
				5087E77717EB970100C73F5D /* Icon-144.png */,
				5087E77817EB970100C73F5D /* Icon-152.png */,
				5087E77917EB970100C73F5D /* Icon-57.png */,
				5087E77A17EB970100C73F5D /* Icon-72.png */,
				5087E77B17EB970100C73F5D /* Icon-76.png */,
				5087E77C17EB970100C73F5D /* Info.plist */,
			);
			name = Icons;
			path = ios;
			sourceTree = SOURCE_ROOT;
		};
/* End PBXGroup section */

/* Begin PBXNativeTarget section */
		1D6058900D05DD3D006BFB54 /* CalcuSeq iOS */ = {
			isa = PBXNativeTarget;
			buildConfigurationList = 1D6058960D05DD3E006BFB54 /* Build configuration list for PBXNativeTarget "CalcuSeq iOS" */;
			buildPhases = (
				1D60588D0D05DD3D006BFB54 /* Resources */,
				1D60588E0D05DD3D006BFB54 /* Sources */,
				1D60588F0D05DD3D006BFB54 /* Frameworks */,
			);
			buildRules = (
			);
			dependencies = (
				1AC6FB25180E99E1004C840B /* PBXTargetDependency */,
				1AC6FB27180E99E1004C840B /* PBXTargetDependency */,
				1AC6FB29180E99E1004C840B /* PBXTargetDependency */,
				1AC6FB2B180E99E1004C840B /* PBXTargetDependency */,
				1AC6FB2D180E99E1004C840B /* PBXTargetDependency */,
			);
			name = "CalcuSeq iOS";
			productName = iphone;
			productReference = 1D6058910D05DD3D006BFB54 /* CalcuSeq.app */;
			productType = "com.apple.product-type.application";
		};
		5087E73D17EB910900C73F5D /* CalcuSeq Mac */ = {
			isa = PBXNativeTarget;
			buildConfigurationList = 5087E76C17EB910900C73F5D /* Build configuration list for PBXNativeTarget "CalcuSeq Mac" */;
			buildPhases = (
				5087E74817EB910900C73F5D /* Resources */,
				5087E75617EB910900C73F5D /* Sources */,
				5087E75C17EB910900C73F5D /* Frameworks */,
			);
			buildRules = (
			);
			dependencies = (
				1AC6FB1E180E9963004C840B /* PBXTargetDependency */,
				1AC6FB16180E9959004C840B /* PBXTargetDependency */,
				1AC6FB18180E9959004C840B /* PBXTargetDependency */,
				1AC6FB1A180E9959004C840B /* PBXTargetDependency */,
				1AC6FB1C180E9959004C840B /* PBXTargetDependency */,
			);
			name = "CalcuSeq Mac";
			productName = iphone;
			productReference = 5087E76F17EB910900C73F5D /* CalcuSeq Mac.app */;
			productType = "com.apple.product-type.application";
		};
/* End PBXNativeTarget section */

/* Begin PBXProject section */
		29B97313FDCFA39411CA2CEA /* Project object */ = {
			isa = PBXProject;
			attributes = {
				LastUpgradeCheck = 0500;
				TargetAttributes = {
					1D6058900D05DD3D006BFB54 = {
						DevelopmentTeam = PV5EAJ7Z55;
					};
				};
			};
			buildConfigurationList = C01FCF4E08A954540054247B /* Build configuration list for PBXProject "CalcuSeq" */;
			compatibilityVersion = "Xcode 3.2";
			developmentRegion = English;
			hasScannedForEncodings = 1;
			knownRegions = (
				English,
				Japanese,
				French,
				German,
			);
			mainGroup = 29B97314FDCFA39411CA2CEA /* CustomTemplate */;
			projectDirPath = "";
			projectReferences = (
				{
					ProductGroup = 1AC6FAE6180E9839004C840B /* Products */;
					ProjectRef = 1AC6FAE5180E9839004C840B /* cocos2d_libs.xcodeproj */;
				},
			);
			projectRoot = "";
			targets = (
				1D6058900D05DD3D006BFB54 /* CalcuSeq iOS */,
				5087E73D17EB910900C73F5D /* CalcuSeq Mac */,
			);
		};
/* End PBXProject section */

/* Begin PBXReferenceProxy section */
		1AC6FAF9180E9839004C840B /* libcocos2dx Mac.a */ = {
			isa = PBXReferenceProxy;
			fileType = archive.ar;
			path = "libcocos2dx Mac.a";
			remoteRef = 1AC6FAF8180E9839004C840B /* PBXContainerItemProxy */;
			sourceTree = BUILT_PRODUCTS_DIR;
		};
		1AC6FAFB180E9839004C840B /* libcocos2dx-extensions Mac.a */ = {
			isa = PBXReferenceProxy;
			fileType = archive.ar;
			path = "libcocos2dx-extensions Mac.a";
			remoteRef = 1AC6FAFA180E9839004C840B /* PBXContainerItemProxy */;
			sourceTree = BUILT_PRODUCTS_DIR;
		};
		1AC6FAFD180E9839004C840B /* libchipmunk Mac.a */ = {
			isa = PBXReferenceProxy;
			fileType = archive.ar;
			path = "libchipmunk Mac.a";
			remoteRef = 1AC6FAFC180E9839004C840B /* PBXContainerItemProxy */;
			sourceTree = BUILT_PRODUCTS_DIR;
		};
		1AC6FAFF180E9839004C840B /* libbox2d Mac.a */ = {
			isa = PBXReferenceProxy;
			fileType = archive.ar;
			path = "libbox2d Mac.a";
			remoteRef = 1AC6FAFE180E9839004C840B /* PBXContainerItemProxy */;
			sourceTree = BUILT_PRODUCTS_DIR;
		};
		1AC6FB01180E9839004C840B /* libCocosDenshion Mac.a */ = {
			isa = PBXReferenceProxy;
			fileType = archive.ar;
			path = "libCocosDenshion Mac.a";
			remoteRef = 1AC6FB00180E9839004C840B /* PBXContainerItemProxy */;
			sourceTree = BUILT_PRODUCTS_DIR;
		};
		1AC6FB07180E9839004C840B /* libcocos2dx iOS.a */ = {
			isa = PBXReferenceProxy;
			fileType = archive.ar;
			path = "libcocos2dx iOS.a";
			remoteRef = 1AC6FB06180E9839004C840B /* PBXContainerItemProxy */;
			sourceTree = BUILT_PRODUCTS_DIR;
		};
		1AC6FB09180E9839004C840B /* libcocos2dx-extensions iOS.a */ = {
			isa = PBXReferenceProxy;
			fileType = archive.ar;
			path = "libcocos2dx-extensions iOS.a";
			remoteRef = 1AC6FB08180E9839004C840B /* PBXContainerItemProxy */;
			sourceTree = BUILT_PRODUCTS_DIR;
		};
		1AC6FB0B180E9839004C840B /* libchipmunk iOS.a */ = {
			isa = PBXReferenceProxy;
			fileType = archive.ar;
			path = "libchipmunk iOS.a";
			remoteRef = 1AC6FB0A180E9839004C840B /* PBXContainerItemProxy */;
			sourceTree = BUILT_PRODUCTS_DIR;
		};
		1AC6FB0D180E9839004C840B /* libbox2d iOS.a */ = {
			isa = PBXReferenceProxy;
			fileType = archive.ar;
			path = "libbox2d iOS.a";
			remoteRef = 1AC6FB0C180E9839004C840B /* PBXContainerItemProxy */;
			sourceTree = BUILT_PRODUCTS_DIR;
		};
		1AC6FB0F180E9839004C840B /* libCocosDenshion iOS.a */ = {
			isa = PBXReferenceProxy;
			fileType = archive.ar;
			path = "libCocosDenshion iOS.a";
			remoteRef = 1AC6FB0E180E9839004C840B /* PBXContainerItemProxy */;
			sourceTree = BUILT_PRODUCTS_DIR;
		};
/* End PBXReferenceProxy section */

/* Begin PBXResourcesBuildPhase section */
		1D60588D0D05DD3D006BFB54 /* Resources */ = {
			isa = PBXResourcesBuildPhase;
			buildActionMask = 2147483647;
			files = (
				2F0D60221D4CFB63004672BF /* BUTTON90.png in Resources */,
				5087E78117EB970100C73F5D /* Icon-120.png in Resources */,
				5087E78617EB970100C73F5D /* Icon-76.png in Resources */,
				5087E77F17EB970100C73F5D /* Default@2x.png in Resources */,
				2F0D60261D4CFB63004672BF /* ResourcesCalculator in Resources */,
				2F0D601C1D4CFB63004672BF /* BLANK.png in Resources */,
				2F0D60231D4CFB63004672BF /* BUTTON180.png in Resources */,
				50EF629917ECD46A001EB2F8 /* Icon-100.png in Resources */,
				5087E78317EB970100C73F5D /* Icon-152.png in Resources */,
				5087E77D17EB970100C73F5D /* Default-568h@2x.png in Resources */,
				2F0D60211D4CFB63004672BF /* BUTTON90_EMPTY.png in Resources */,
				5087E78517EB970100C73F5D /* Icon-72.png in Resources */,
				50EF62A317ECD613001EB2F8 /* Icon-50.png in Resources */,
				2F0D60281D4CFB63004672BF /* textHolderWide.png in Resources */,
				2F0D60241D4CFB63004672BF /* buttons in Resources */,
				5087E78017EB970100C73F5D /* Icon-114.png in Resources */,
				50EF62A217ECD613001EB2F8 /* Icon-29.png in Resources */,
				2F211FD91D4F79530064BF03 /* Images.xcassets in Resources */,
				50EF629617ECD46A001EB2F8 /* Icon-40.png in Resources */,
				5087E78217EB970100C73F5D /* Icon-144.png in Resources */,
				50EF629817ECD46A001EB2F8 /* Icon-80.png in Resources */,
				5087E78417EB970100C73F5D /* Icon-57.png in Resources */,
				2F0D60271D4CFB63004672BF /* textHolder.png in Resources */,
				2F0D60251D4CFB63004672BF /* font in Resources */,
				5087E77E17EB970100C73F5D /* Default.png in Resources */,
				50EF629717ECD46A001EB2F8 /* Icon-58.png in Resources */,
			);
			runOnlyForDeploymentPostprocessing = 0;
		};
		5087E74817EB910900C73F5D /* Resources */ = {
			isa = PBXResourcesBuildPhase;
			buildActionMask = 2147483647;
			files = (
				503AE0F817EB97AB00D1A890 /* Icon.icns in Resources */,
			);
			runOnlyForDeploymentPostprocessing = 0;
		};
/* End PBXResourcesBuildPhase section */

/* Begin PBXSourcesBuildPhase section */
		1D60588E0D05DD3D006BFB54 /* Sources */ = {
			isa = PBXSourcesBuildPhase;
			buildActionMask = 2147483647;
			files = (
				2F7007671D26D4D300A2E1D6 /* PanelButtonStore.cpp in Sources */,
				2F7007871D26D4D300A2E1D6 /* TextOperand.cpp in Sources */,
				2F70077A1D26D4D300A2E1D6 /* TextHolderWithLinking.cpp in Sources */,
				2F70076E1D26D4D300A2E1D6 /* EquationBuilder.cpp in Sources */,
				2F7007681D26D4D300A2E1D6 /* PanelInput.cpp in Sources */,
				2F7007851D26D4D300A2E1D6 /* Text.cpp in Sources */,
				2F7007621D26D4D300A2E1D6 /* AppDelegate.cpp in Sources */,
				2F70076A1D26D4D300A2E1D6 /* PanelInputOperator.cpp in Sources */,
				2F7007781D26D4D300A2E1D6 /* LinkingNodeResult.cpp in Sources */,
				2F7007791D26D4D300A2E1D6 /* SceneCalculator.cpp in Sources */,
				2F1FDD831D48FE1D00A358D6 /* ButtonCompute.cpp in Sources */,
				2F0030FD1D392CB00049CE98 /* PanelEdit.cpp in Sources */,
				2F7007771D26D4D300A2E1D6 /* LinkingNodePair.cpp in Sources */,
				503AE10017EB989F00D1A890 /* AppController.mm in Sources */,
				2F7007691D26D4D300A2E1D6 /* PanelInputOperand.cpp in Sources */,
				2F7007881D26D4D300A2E1D6 /* TextOperator.cpp in Sources */,
				503AE10217EB989F00D1A890 /* RootViewController.mm in Sources */,
				2F0030F91D37D2ED0049CE98 /* LinkingIdentifier.cpp in Sources */,
				2F7007741D26D4D300A2E1D6 /* LinkingManager.cpp in Sources */,
				2F70077B1D26D4D300A2E1D6 /* TextOperandWithLinking.cpp in Sources */,
				2F7007761D26D4D300A2E1D6 /* LinkingNodeOperand.cpp in Sources */,
				2F0030E31D3680960049CE98 /* PersistenceButton.cpp in Sources */,
				2FD4292E1D300D6600850536 /* LayerScroll.cpp in Sources */,
				2F7007631D26D4D300A2E1D6 /* LayerUI.cpp in Sources */,
				2F7007751D26D4D300A2E1D6 /* LinkingNode.cpp in Sources */,
				503AE10117EB989F00D1A890 /* main.m in Sources */,
				2F7007861D26D4D300A2E1D6 /* TextHolder.cpp in Sources */,
				2F7007891D26D4D300A2E1D6 /* TouchManager.cpp in Sources */,
				2F7007701D26D4D300A2E1D6 /* LayerEquation.cpp in Sources */,
				2F70076F1D26D4D300A2E1D6 /* EquationUnary.cpp in Sources */,
				2F7007641D26D4D300A2E1D6 /* ModuleStorage.cpp in Sources */,
				2F7007731D26D4D300A2E1D6 /* Linkage.cpp in Sources */,
				2F7007721D26D4D300A2E1D6 /* LayerUICal.cpp in Sources */,
				2F7007651D26D4D300A2E1D6 /* PanelButton.cpp in Sources */,
				2F0030E41D3680960049CE98 /* PersistenceManager.cpp in Sources */,
				2F7007661D26D4D300A2E1D6 /* PanelButtonRestore.cpp in Sources */,
				2F9C46671D2EA1E10001B9C4 /* LayerHelpCal.cpp in Sources */,
				2F70076C1D26D4D300A2E1D6 /* Equation.cpp in Sources */,
				2FC852771D32941000AA2516 /* LayerPersistenceCal.cpp in Sources */,
				2F70076D1D26D4D300A2E1D6 /* EquationBinary.cpp in Sources */,
				2F7007711D26D4D300A2E1D6 /* LayerLinkage.cpp in Sources */,
			);
			runOnlyForDeploymentPostprocessing = 0;
		};
		5087E75617EB910900C73F5D /* Sources */ = {
			isa = PBXSourcesBuildPhase;
			buildActionMask = 2147483647;
			files = (
				503AE10517EB98FF00D1A890 /* main.cpp in Sources */,
			);
			runOnlyForDeploymentPostprocessing = 0;
		};
/* End PBXSourcesBuildPhase section */

/* Begin PBXTargetDependency section */
		1AC6FB16180E9959004C840B /* PBXTargetDependency */ = {
			isa = PBXTargetDependency;
			name = "cocos2dx Mac";
			targetProxy = 1AC6FB15180E9959004C840B /* PBXContainerItemProxy */;
		};
		1AC6FB18180E9959004C840B /* PBXTargetDependency */ = {
			isa = PBXTargetDependency;
			name = "cocos2dx-extensions Mac";
			targetProxy = 1AC6FB17180E9959004C840B /* PBXContainerItemProxy */;
		};
		1AC6FB1A180E9959004C840B /* PBXTargetDependency */ = {
			isa = PBXTargetDependency;
			name = "chipmunk Mac";
			targetProxy = 1AC6FB19180E9959004C840B /* PBXContainerItemProxy */;
		};
		1AC6FB1C180E9959004C840B /* PBXTargetDependency */ = {
			isa = PBXTargetDependency;
			name = "CocosDenshion Mac";
			targetProxy = 1AC6FB1B180E9959004C840B /* PBXContainerItemProxy */;
		};
		1AC6FB1E180E9963004C840B /* PBXTargetDependency */ = {
			isa = PBXTargetDependency;
			name = "box2d Mac";
			targetProxy = 1AC6FB1D180E9963004C840B /* PBXContainerItemProxy */;
		};
		1AC6FB25180E99E1004C840B /* PBXTargetDependency */ = {
			isa = PBXTargetDependency;
			name = "cocos2dx iOS";
			targetProxy = 1AC6FB24180E99E1004C840B /* PBXContainerItemProxy */;
		};
		1AC6FB27180E99E1004C840B /* PBXTargetDependency */ = {
			isa = PBXTargetDependency;
			name = "cocos2dx-extensions iOS";
			targetProxy = 1AC6FB26180E99E1004C840B /* PBXContainerItemProxy */;
		};
		1AC6FB29180E99E1004C840B /* PBXTargetDependency */ = {
			isa = PBXTargetDependency;
			name = "chipmunk iOS";
			targetProxy = 1AC6FB28180E99E1004C840B /* PBXContainerItemProxy */;
		};
		1AC6FB2B180E99E1004C840B /* PBXTargetDependency */ = {
			isa = PBXTargetDependency;
			name = "box2d iOS";
			targetProxy = 1AC6FB2A180E99E1004C840B /* PBXContainerItemProxy */;
		};
		1AC6FB2D180E99E1004C840B /* PBXTargetDependency */ = {
			isa = PBXTargetDependency;
			name = "CocosDenshion iOS";
			targetProxy = 1AC6FB2C180E99E1004C840B /* PBXContainerItemProxy */;
		};
/* End PBXTargetDependency section */

/* Begin XCBuildConfiguration section */
		1D6058940D05DD3E006BFB54 /* Debug */ = {
			isa = XCBuildConfiguration;
			buildSettings = {
				ALWAYS_SEARCH_USER_PATHS = YES;
				ASSETCATALOG_COMPILER_APPICON_NAME = AppIcon;
				ASSETCATALOG_COMPILER_LAUNCHIMAGE_NAME = "Brand Assets";
				CODE_SIGN_IDENTITY = "iPhone Developer";
				"CODE_SIGN_IDENTITY[sdk=iphoneos*]" = "iPhone Developer";
				COMPRESS_PNG_FILES = NO;
				ENABLE_BITCODE = NO;
				GCC_DYNAMIC_NO_PIC = NO;
				GCC_INLINES_ARE_PRIVATE_EXTERN = NO;
				GCC_PRECOMPILE_PREFIX_HEADER = YES;
				GCC_PREFIX_HEADER = ios/Prefix.pch;
				GCC_PREPROCESSOR_DEFINITIONS = (
					USE_FILE32API,
					CC_TARGET_OS_IPHONE,
					"COCOS2D_DEBUG=1",
					"CC_ENABLE_CHIPMUNK_INTEGRATION=1",
				);
				GCC_SYMBOLS_PRIVATE_EXTERN = NO;
				HEADER_SEARCH_PATHS = (
					"$(inherited)",
					"$(SRCROOT)/../cocos2d/cocos/platform/ios",
					"$(SRCROOT)/../cocos2d/cocos/platform/ios/Simulation",
				);
				INFOPLIST_FILE = ios/Info.plist;
				IPHONEOS_DEPLOYMENT_TARGET = 6.0;
				LIBRARY_SEARCH_PATHS = "";
				OTHER_LDFLAGS = "";
				PRODUCT_BUNDLE_IDENTIFIER = com.aillieo.CalcuSeq;
				PRODUCT_NAME = CalcuSeq;
				PROVISIONING_PROFILE = "c7359b78-2072-404d-a2d4-bb76e9d67e26";
				SDKROOT = iphoneos;
				STRIP_PNG_TEXT = NO;
				TARGETED_DEVICE_FAMILY = 1;
				USER_HEADER_SEARCH_PATHS = "";
			};
			name = Debug;
		};
		1D6058950D05DD3E006BFB54 /* Release */ = {
			isa = XCBuildConfiguration;
			buildSettings = {
				ALWAYS_SEARCH_USER_PATHS = YES;
				ASSETCATALOG_COMPILER_APPICON_NAME = AppIcon;
				ASSETCATALOG_COMPILER_LAUNCHIMAGE_NAME = "Brand Assets";
				CODE_SIGN_IDENTITY = "iPhone Developer";
				"CODE_SIGN_IDENTITY[sdk=iphoneos*]" = "iPhone Developer";
				COMPRESS_PNG_FILES = NO;
				ENABLE_BITCODE = NO;
				GCC_INLINES_ARE_PRIVATE_EXTERN = NO;
				GCC_PRECOMPILE_PREFIX_HEADER = YES;
				GCC_PREFIX_HEADER = ios/Prefix.pch;
				GCC_PREPROCESSOR_DEFINITIONS = (
					USE_FILE32API,
					CC_TARGET_OS_IPHONE,
					"CC_ENABLE_CHIPMUNK_INTEGRATION=1",
				);
				GCC_SYMBOLS_PRIVATE_EXTERN = NO;
				HEADER_SEARCH_PATHS = (
					"$(inherited)",
					"$(SRCROOT)/../cocos2d/cocos/platform/ios",
					"$(SRCROOT)/../cocos2d/cocos/platform/ios/Simulation",
				);
				INFOPLIST_FILE = ios/Info.plist;
				IPHONEOS_DEPLOYMENT_TARGET = 6.0;
				LIBRARY_SEARCH_PATHS = "";
				OTHER_LDFLAGS = "";
				PRODUCT_BUNDLE_IDENTIFIER = com.aillieo.CalcuSeq;
				PRODUCT_NAME = CalcuSeq;
				PROVISIONING_PROFILE = "c7359b78-2072-404d-a2d4-bb76e9d67e26";
				SDKROOT = iphoneos;
				STRIP_PNG_TEXT = NO;
				TARGETED_DEVICE_FAMILY = 1;
				USER_HEADER_SEARCH_PATHS = "";
			};
			name = Release;
		};
		5087E76D17EB910900C73F5D /* Debug */ = {
			isa = XCBuildConfiguration;
			buildSettings = {
				ALWAYS_SEARCH_USER_PATHS = YES;
				ARCHS = "$(ARCHS_STANDARD_64_BIT)";
				CLANG_CXX_LANGUAGE_STANDARD = "c++0x";
				CLANG_CXX_LIBRARY = "libc++";
				GCC_DYNAMIC_NO_PIC = NO;
				GCC_INLINES_ARE_PRIVATE_EXTERN = NO;
				GCC_PRECOMPILE_PREFIX_HEADER = YES;
				GCC_PREFIX_HEADER = mac/Prefix.pch;
				GCC_PREPROCESSOR_DEFINITIONS = (
					USE_FILE32API,
					CC_TARGET_OS_MAC,
					"COCOS2D_DEBUG=1",
					"CC_ENABLE_CHIPMUNK_INTEGRATION=1",
				);
				GCC_SYMBOLS_PRIVATE_EXTERN = NO;
				HEADER_SEARCH_PATHS = (
					"$(inherited)",
					"$(SRCROOT)/../cocos2d/cocos/platform/mac",
					"$(SRCROOT)/../cocos2d/external/glfw3/include/mac",
				);
				INFOPLIST_FILE = mac/Info.plist;
				LIBRARY_SEARCH_PATHS = "";
				USER_HEADER_SEARCH_PATHS = "";
			};
			name = Debug;
		};
		5087E76E17EB910900C73F5D /* Release */ = {
			isa = XCBuildConfiguration;
			buildSettings = {
				ALWAYS_SEARCH_USER_PATHS = YES;
				ARCHS = "$(ARCHS_STANDARD_64_BIT)";
				CLANG_CXX_LANGUAGE_STANDARD = "c++0x";
				CLANG_CXX_LIBRARY = "libc++";
				GCC_INLINES_ARE_PRIVATE_EXTERN = NO;
				GCC_PRECOMPILE_PREFIX_HEADER = YES;
				GCC_PREFIX_HEADER = mac/Prefix.pch;
				GCC_PREPROCESSOR_DEFINITIONS = (
					USE_FILE32API,
					CC_TARGET_OS_MAC,
					"CC_ENABLE_CHIPMUNK_INTEGRATION=1",
				);
				GCC_SYMBOLS_PRIVATE_EXTERN = NO;
				HEADER_SEARCH_PATHS = (
					"$(inherited)",
					"$(SRCROOT)/../cocos2d/cocos/platform/mac",
					"$(SRCROOT)/../cocos2d/external/glfw3/include/mac",
				);
				INFOPLIST_FILE = mac/Info.plist;
				LIBRARY_SEARCH_PATHS = "";
				USER_HEADER_SEARCH_PATHS = "";
			};
			name = Release;
		};
		C01FCF4F08A954540054247B /* Debug */ = {
			isa = XCBuildConfiguration;
			buildSettings = {
				CLANG_CXX_LANGUAGE_STANDARD = "c++0x";
				CLANG_CXX_LIBRARY = "libc++";
				COPY_PHASE_STRIP = NO;
				GCC_OPTIMIZATION_LEVEL = 0;
				GCC_WARN_ABOUT_RETURN_TYPE = YES;
				GCC_WARN_UNUSED_VARIABLE = YES;
				HEADER_SEARCH_PATHS = (
					"$(SRCROOT)/../cocos2d",
					"$(SRCROOT)/../cocos2d/cocos",
					"$(SRCROOT)/../cocos2d/cocos/base",
					"$(SRCROOT)/../cocos2d/cocos/physics",
					"$(SRCROOT)/../cocos2d/cocos/math",
					"$(SRCROOT)/../cocos2d/cocos/2d",
					"$(SRCROOT)/../cocos2d/cocos/ui",
					"$(SRCROOT)/../cocos2d/cocos/network",
					"$(SRCROOT)/../cocos2d/cocos/audio/include",
					"$(SRCROOT)/../cocos2d/cocos/editor-support",
					"$(SRCROOT)/../cocos2d/extensions",
					"$(SRCROOT)/../cocos2d/external",
					"$(SRCROOT)/../cocos2d/external/chipmunk/include/chipmunk",
				);
				MACOSX_DEPLOYMENT_TARGET = 10.7;
				ONLY_ACTIVE_ARCH = YES;
				PRODUCT_NAME = "$(TARGET_NAME)";
				SDKROOT = macosx;
			};
			name = Debug;
		};
		C01FCF5008A954540054247B /* Release */ = {
			isa = XCBuildConfiguration;
			buildSettings = {
				CLANG_CXX_LANGUAGE_STANDARD = "c++0x";
				CLANG_CXX_LIBRARY = "libc++";
				GCC_WARN_ABOUT_RETURN_TYPE = YES;
				GCC_WARN_UNUSED_VARIABLE = YES;
				HEADER_SEARCH_PATHS = (
					"$(SRCROOT)/../cocos2d",
					"$(SRCROOT)/../cocos2d/cocos",
					"$(SRCROOT)/../cocos2d/cocos/base",
					"$(SRCROOT)/../cocos2d/cocos/physics",
					"$(SRCROOT)/../cocos2d/cocos/math",
					"$(SRCROOT)/../cocos2d/cocos/2d",
					"$(SRCROOT)/../cocos2d/cocos/ui",
					"$(SRCROOT)/../cocos2d/cocos/network",
					"$(SRCROOT)/../cocos2d/cocos/audio/include",
					"$(SRCROOT)/../cocos2d/cocos/editor-support",
					"$(SRCROOT)/../cocos2d/extensions",
					"$(SRCROOT)/../cocos2d/external",
					"$(SRCROOT)/../cocos2d/external/chipmunk/include/chipmunk",
				);
				MACOSX_DEPLOYMENT_TARGET = 10.7;
				OTHER_CFLAGS = "-DNS_BLOCK_ASSERTIONS=1";
				PRODUCT_NAME = "$(TARGET_NAME)";
				SDKROOT = macosx;
				VALIDATE_PRODUCT = YES;
			};
			name = Release;
		};
/* End XCBuildConfiguration section */

/* Begin XCConfigurationList section */
		1D6058960D05DD3E006BFB54 /* Build configuration list for PBXNativeTarget "CalcuSeq iOS" */ = {
			isa = XCConfigurationList;
			buildConfigurations = (
				1D6058940D05DD3E006BFB54 /* Debug */,
				1D6058950D05DD3E006BFB54 /* Release */,
			);
			defaultConfigurationIsVisible = 0;
			defaultConfigurationName = Debug;
		};
		5087E76C17EB910900C73F5D /* Build configuration list for PBXNativeTarget "CalcuSeq Mac" */ = {
			isa = XCConfigurationList;
			buildConfigurations = (
				5087E76D17EB910900C73F5D /* Debug */,
				5087E76E17EB910900C73F5D /* Release */,
			);
			defaultConfigurationIsVisible = 0;
			defaultConfigurationName = Debug;
		};
		C01FCF4E08A954540054247B /* Build configuration list for PBXProject "CalcuSeq" */ = {
			isa = XCConfigurationList;
			buildConfigurations = (
				C01FCF4F08A954540054247B /* Debug */,
				C01FCF5008A954540054247B /* Release */,
			);
			defaultConfigurationIsVisible = 0;
			defaultConfigurationName = Debug;
		};
/* End XCConfigurationList section */
	};
	rootObject = 29B97313FDCFA39411CA2CEA /* Project object */;
}
